
Microsoft Visual Studio Solution File, Format Version 12.00
# Visual Studio Version 17
VisualStudioVersion = 17.2.32630.192
MinimumVisualStudioVersion = 10.0.40219.1
Project("{2150E333-8FDC-42A3-9474-1A3956D46DE8}") = "01 Basics", "01 Basics", "{7ACF8AEB-7BE2-4E86-AFF8-AC41C5A8DE3C}"
EndProject
Project("{2150E333-8FDC-42A3-9474-1A3956D46DE8}") = "02 Objectorientation", "02 Objectorientation", "{C6F55941-4BC3-4A84-9E84-7B22C809DDC4}"
EndProject
Project("{9A19103F-16F7-4668-BE54-9A1E7A4F7556}") = "Basics06.Exceptions", "Basics6.Exceptions\Basics06.Exceptions.csproj", "{40A7EC19-6A46-47DB-AA89-BA23645BCE31}"
EndProject
Project("{9A19103F-16F7-4668-BE54-9A1E7A4F7556}") = "Basics02.Conditionals", "Basics2.Conditionals\Basics02.Conditionals.csproj", "{6D57C611-4301-413B-A615-3E6CA504DFEE}"
EndProject
Project("{9A19103F-16F7-4668-BE54-9A1E7A4F7556}") = "Basics03.ForLoop", "Basics3.ForLoop\Basics03.ForLoop.csproj", "{91BC4BE8-C17E-410E-92EC-44D7CE073E95}"
EndProject
Project("{9A19103F-16F7-4668-BE54-9A1E7A4F7556}") = "Basics04.DoLoop", "Basics4.DoLoop\Basics04.DoLoop.csproj", "{963C757F-2155-4E6B-A27A-816D3BF70D62}"
EndProject
Project("{9A19103F-16F7-4668-BE54-9A1E7A4F7556}") = "Basics05.WhileLoop", "Basics5.WhileLoop\Basics05.WhileLoop.csproj", "{708DA4C4-21E9-4467-A5C0-EC8088CD1F1C}"
EndProject
Project("{9A19103F-16F7-4668-BE54-9A1E7A4F7556}") = "Basics07.Array", "Basics7.Array\Basics07.Array.csproj", "{5BA69137-30A7-4370-BA13-5E241164D9B9}"
EndProject
Project("{2150E333-8FDC-42A3-9474-1A3956D46DE8}") = "03 Patterns", "03 Patterns", "{906C9968-4AB7-4BC7-AE56-B78C6997F264}"
EndProject
Project("{2150E333-8FDC-42A3-9474-1A3956D46DE8}") = "06 Calculator", "06 Calculator", "{94703115-9176-44DC-B9A2-FC2B40CB152F}"
EndProject
Project("{FAE04EC0-301F-11D3-BF4B-00C04F79EFBC}") = "Calculator.Logic", "Calculator.Logic\Calculator.Logic.csproj", "{F3B2CE55-F53F-4F45-94A3-3B104BD56899}"
EndProject
Project("{FAE04EC0-301F-11D3-BF4B-00C04F79EFBC}") = "Calculator.Logic.Tests", "Calculator.Logic.Tests\Calculator.Logic.Tests.csproj", "{56634EDC-2D8F-41BD-8D53-8C37645E0A98}"
EndProject
Project("{2150E333-8FDC-42A3-9474-1A3956D46DE8}") = "04 LINQ", "04 LINQ", "{8F4B2A5F-D3EF-4E81-995F-40B13348F290}"
EndProject
Project("{9A19103F-16F7-4668-BE54-9A1E7A4F7556}") = "Linq1.Query", "Linq.Query\Linq1.Query.csproj", "{19A34AB9-3D4C-4350-9C30-AB6925448F94}"
EndProject
Project("{9A19103F-16F7-4668-BE54-9A1E7A4F7556}") = "Linq4.YieldReturn", "Linq.Yield\Linq4.YieldReturn.csproj", "{52DB2A59-07F7-4405-A8F0-19F4B0A6BA4D}"
EndProject
Project("{2150E333-8FDC-42A3-9474-1A3956D46DE8}") = "05 Database", "05 Database", "{BD09E5F6-FE6C-4F3A-A388-E52359483AEE}"
EndProject
Project("{9A19103F-16F7-4668-BE54-9A1E7A4F7556}") = "Linq3.Lambda", "Linq.Lambda\Linq3.Lambda.csproj", "{652D220B-5F2E-4371-B605-CF689B1915B8}"
EndProject
Project("{9A19103F-16F7-4668-BE54-9A1E7A4F7556}") = "Linq2.AnonymousTypes", "Linq.AnonymousTypes\Linq2.AnonymousTypes.csproj", "{B3B070F3-8C19-49FA-9837-0B419939B315}"
EndProject
Project("{9A19103F-16F7-4668-BE54-9A1E7A4F7556}") = "Relation3.Bidirectional", "Relation.Bidirektional\Relation3.Bidirectional.csproj", "{5E3FBEA6-99EA-44AC-AB8F-192FA215AD23}"
EndProject
Project("{9A19103F-16F7-4668-BE54-9A1E7A4F7556}") = "Pattern.Singleton", "Pattern.Singleton\Pattern.Singleton.csproj", "{FCBA4BF1-DCD5-46AC-A936-13412829E52F}"
EndProject
Project("{9A19103F-16F7-4668-BE54-9A1E7A4F7556}") = "Relation2.Inheritance", "Relation.Inheritance\Relation2.Inheritance.csproj", "{34575F7A-8E53-4B9C-9848-20339D9AD13D}"
EndProject
Project("{2150E333-8FDC-42A3-9474-1A3956D46DE8}") = "07 WCF", "07 WCF", "{D0EF96B4-2007-4550-A9EF-8AB45A47C442}"
EndProject
Project("{FAE04EC0-301F-11D3-BF4B-00C04F79EFBC}") = "WcfService.ClientApplication", "WcfService.ClientApplication\WcfService.ClientApplication.csproj", "{7F1D2F9B-0409-47E8-9804-7ED1089B64B6}"
EndProject
Project("{FAE04EC0-301F-11D3-BF4B-00C04F79EFBC}") = "WcfService.HostApplication", "WcfService.HostApplication\WcfService.HostApplication.csproj", "{D88E862D-363F-4459-A23B-E2348F2542D6}"
EndProject
Project("{FAE04EC0-301F-11D3-BF4B-00C04F79EFBC}") = "Dataset.Obsolete", "Dataset.Obsolete\Dataset.Obsolete.csproj", "{A466309A-9474-45E3-BA09-D46461DCD6CE}"
EndProject
Project("{FAE04EC0-301F-11D3-BF4B-00C04F79EFBC}") = "EntityFramework.CodeFirst", "EntityFramework.CodeFirst\EntityFramework.CodeFirst.csproj", "{3A75F6CC-EFA5-4AF7-982C-3F62FF17EF29}"
EndProject
Project("{FAE04EC0-301F-11D3-BF4B-00C04F79EFBC}") = "EntityFramework.Inheritance", "EntityFramework.Inheritance\EntityFramework.Inheritance.csproj", "{EF391635-35EA-4C0F-B7EB-B7717B433612}"
EndProject
Project("{FAE04EC0-301F-11D3-BF4B-00C04F79EFBC}") = "EntityFramework.CodeFirstFromDatabase", "EntityFramework.CodeFirstFromDatabase\EntityFramework.CodeFirstFromDatabase.csproj", "{1C13E115-1352-467B-9E6F-6790B629E676}"
EndProject
Project("{9A19103F-16F7-4668-BE54-9A1E7A4F7556}") = "Basics09.Parameters", "Basics9.OutParameters\Basics09.Parameters.csproj", "{3F081B0A-589B-400D-BC9C-E40D7D9972D2}"
EndProject
Project("{9A19103F-16F7-4668-BE54-9A1E7A4F7556}") = "Basics01.HelloWorld", "Basics1.HelloWorld\Basics01.HelloWorld.csproj", "{F5E1738F-8FFD-453C-8AB9-22A861136409}"
EndProject
Project("{9A19103F-16F7-4668-BE54-9A1E7A4F7556}") = "UserInterface2.WinFormsApp", "Calculator.UserInterface.Winforms\UserInterface2.WinFormsApp.csproj", "{32CC9943-05E9-4F65-9290-7E49A035D0F2}"
EndProject
Project("{FAE04EC0-301F-11D3-BF4B-00C04F79EFBC}") = "UserInterface3.WpfApp", "Calculator.UserInterface.Wpf\UserInterface3.WpfApp.csproj", "{5C67462A-075D-43CF-A9FD-8D21A0E58D75}"
EndProject
Project("{9A19103F-16F7-4668-BE54-9A1E7A4F7556}") = "Pattern.State", "Pattern.State\Pattern.State.csproj", "{E35B3213-A6F4-4DD0-AB77-379240D6E6C1}"
EndProject
Project("{9A19103F-16F7-4668-BE54-9A1E7A4F7556}") = "Relation3.Bidirectional.Tests", "Relation.Bidirectional.Tests\Relation3.Bidirectional.Tests.csproj", "{48957C0F-6C79-4F49-92C7-B7D6E701CB8B}"
EndProject
Project("{9A19103F-16F7-4668-BE54-9A1E7A4F7556}") = "Pattern.Strategy", "Pattern.Strategy\Pattern.Strategy.csproj", "{00018274-87AE-4A78-B452-E4FEDFDAAA10}"
EndProject
Project("{2150E333-8FDC-42A3-9474-1A3956D46DE8}") = "2 User Interface", "2 User Interface", "{2D995E7D-654E-458F-AFDA-FDC0C584C053}"
EndProject
Project("{2150E333-8FDC-42A3-9474-1A3956D46DE8}") = "1 Rechenkern", "1 Rechenkern", "{B2E37309-D3AB-4EED-849B-6133235924B7}"
EndProject
Project("{9A19103F-16F7-4668-BE54-9A1E7A4F7556}") = "Basics08.Zahlenraten", "Basics8.Zahlenraten\Basics08.Zahlenraten.csproj", "{5AF6441A-7ABF-4491-815B-51D111A2AECE}"
EndProject
Project("{9A19103F-16F7-4668-BE54-9A1E7A4F7556}") = "Basics10.NullableTypes", "Basics10.NullableTypes\Basics10.NullableTypes.csproj", "{43F122DB-B919-4D3D-80BD-B272968A0CE0}"
EndProject
Project("{9A19103F-16F7-4668-BE54-9A1E7A4F7556}") = "Relation1.Aggregation", "Relation.Aggregation\Relation1.Aggregation.csproj", "{C0EF0208-F63C-412E-AE35-9DEFC9DEF884}"
EndProject
Project("{9A19103F-16F7-4668-BE54-9A1E7A4F7556}") = "EntityFrameworkCore.CodeFirst", "EntityFrameworkCore.CodeFirst\EntityFrameworkCore.CodeFirst.csproj", "{EBBA034A-6F5D-4EF6-AEED-C94DEFC8E2AD}"
EndProject
Project("{9A19103F-16F7-4668-BE54-9A1E7A4F7556}") = "EntityFrameworkCore.Sqlite", "EntityFrameworkCore.Sqlite\EntityFrameworkCore.Sqlite.csproj", "{716FE2A4-662D-4656-85DC-7B641293ED8A}"
EndProject
Project("{9A19103F-16F7-4668-BE54-9A1E7A4F7556}") = "Dataset.Winforms", "Dataset.Winforms.DataGridView\Dataset.Winforms.csproj", "{8E005B84-0DF4-46E8-917B-31AC6947ED53}"
EndProject
Project("{9A19103F-16F7-4668-BE54-9A1E7A4F7556}") = "UserInterface4.RazorPage", "Calculator.UserInterface.Razor\UserInterface4.RazorPage.csproj", "{EF8CAFAA-4E15-4D5D-9A08-B5FF53431402}"
EndProject
Project("{9A19103F-16F7-4668-BE54-9A1E7A4F7556}") = "UserInterface5.BlazorWebAssembly", "Calculator.UserInterface.BlazorWebAssembly\UserInterface5.BlazorWebAssembly.csproj", "{50A28717-2566-4F20-92F4-EDA55466E0B1}"
EndProject
Project("{9A19103F-16F7-4668-BE54-9A1E7A4F7556}") = "UserInterface1.ConsoleApp", "Calculator.UserInterface.ConsoleApp\UserInterface1.ConsoleApp.csproj", "{358D21C1-A060-46D6-874D-1FBBE3E90924}"
EndProject
Global
	GlobalSection(SolutionConfigurationPlatforms) = preSolution
		Debug|.NET = Debug|.NET
		Debug|Any CPU = Debug|Any CPU
		Debug|Mixed Platforms = Debug|Mixed Platforms
		Debug|x64 = Debug|x64
		Debug|x86 = Debug|x86
		Release|.NET = Release|.NET
		Release|Any CPU = Release|Any CPU
		Release|Mixed Platforms = Release|Mixed Platforms
		Release|x64 = Release|x64
		Release|x86 = Release|x86
	EndGlobalSection
	GlobalSection(ProjectConfigurationPlatforms) = postSolution
		{40A7EC19-6A46-47DB-AA89-BA23645BCE31}.Debug|.NET.ActiveCfg = Debug|Any CPU
		{40A7EC19-6A46-47DB-AA89-BA23645BCE31}.Debug|.NET.Build.0 = Debug|Any CPU
		{40A7EC19-6A46-47DB-AA89-BA23645BCE31}.Debug|Any CPU.ActiveCfg = Debug|Any CPU
		{40A7EC19-6A46-47DB-AA89-BA23645BCE31}.Debug|Any CPU.Build.0 = Debug|Any CPU
		{40A7EC19-6A46-47DB-AA89-BA23645BCE31}.Debug|Mixed Platforms.ActiveCfg = Debug|Any CPU
		{40A7EC19-6A46-47DB-AA89-BA23645BCE31}.Debug|Mixed Platforms.Build.0 = Debug|Any CPU
		{40A7EC19-6A46-47DB-AA89-BA23645BCE31}.Debug|x64.ActiveCfg = Debug|Any CPU
		{40A7EC19-6A46-47DB-AA89-BA23645BCE31}.Debug|x64.Build.0 = Debug|Any CPU
		{40A7EC19-6A46-47DB-AA89-BA23645BCE31}.Debug|x86.ActiveCfg = Debug|Any CPU
		{40A7EC19-6A46-47DB-AA89-BA23645BCE31}.Debug|x86.Build.0 = Debug|Any CPU
		{40A7EC19-6A46-47DB-AA89-BA23645BCE31}.Release|.NET.ActiveCfg = Release|Any CPU
		{40A7EC19-6A46-47DB-AA89-BA23645BCE31}.Release|.NET.Build.0 = Release|Any CPU
		{40A7EC19-6A46-47DB-AA89-BA23645BCE31}.Release|Any CPU.ActiveCfg = Release|Any CPU
		{40A7EC19-6A46-47DB-AA89-BA23645BCE31}.Release|Any CPU.Build.0 = Release|Any CPU
		{40A7EC19-6A46-47DB-AA89-BA23645BCE31}.Release|Mixed Platforms.ActiveCfg = Release|Any CPU
		{40A7EC19-6A46-47DB-AA89-BA23645BCE31}.Release|Mixed Platforms.Build.0 = Release|Any CPU
		{40A7EC19-6A46-47DB-AA89-BA23645BCE31}.Release|x64.ActiveCfg = Release|Any CPU
		{40A7EC19-6A46-47DB-AA89-BA23645BCE31}.Release|x64.Build.0 = Release|Any CPU
		{40A7EC19-6A46-47DB-AA89-BA23645BCE31}.Release|x86.ActiveCfg = Release|Any CPU
		{40A7EC19-6A46-47DB-AA89-BA23645BCE31}.Release|x86.Build.0 = Release|Any CPU
		{6D57C611-4301-413B-A615-3E6CA504DFEE}.Debug|.NET.ActiveCfg = Debug|Any CPU
		{6D57C611-4301-413B-A615-3E6CA504DFEE}.Debug|.NET.Build.0 = Debug|Any CPU
		{6D57C611-4301-413B-A615-3E6CA504DFEE}.Debug|Any CPU.ActiveCfg = Debug|Any CPU
		{6D57C611-4301-413B-A615-3E6CA504DFEE}.Debug|Any CPU.Build.0 = Debug|Any CPU
		{6D57C611-4301-413B-A615-3E6CA504DFEE}.Debug|Mixed Platforms.ActiveCfg = Debug|Any CPU
		{6D57C611-4301-413B-A615-3E6CA504DFEE}.Debug|Mixed Platforms.Build.0 = Debug|Any CPU
		{6D57C611-4301-413B-A615-3E6CA504DFEE}.Debug|x64.ActiveCfg = Debug|Any CPU
		{6D57C611-4301-413B-A615-3E6CA504DFEE}.Debug|x64.Build.0 = Debug|Any CPU
		{6D57C611-4301-413B-A615-3E6CA504DFEE}.Debug|x86.ActiveCfg = Debug|Any CPU
		{6D57C611-4301-413B-A615-3E6CA504DFEE}.Debug|x86.Build.0 = Debug|Any CPU
		{6D57C611-4301-413B-A615-3E6CA504DFEE}.Release|.NET.ActiveCfg = Release|Any CPU
		{6D57C611-4301-413B-A615-3E6CA504DFEE}.Release|.NET.Build.0 = Release|Any CPU
		{6D57C611-4301-413B-A615-3E6CA504DFEE}.Release|Any CPU.ActiveCfg = Release|Any CPU
		{6D57C611-4301-413B-A615-3E6CA504DFEE}.Release|Any CPU.Build.0 = Release|Any CPU
		{6D57C611-4301-413B-A615-3E6CA504DFEE}.Release|Mixed Platforms.ActiveCfg = Release|Any CPU
		{6D57C611-4301-413B-A615-3E6CA504DFEE}.Release|Mixed Platforms.Build.0 = Release|Any CPU
		{6D57C611-4301-413B-A615-3E6CA504DFEE}.Release|x64.ActiveCfg = Release|Any CPU
		{6D57C611-4301-413B-A615-3E6CA504DFEE}.Release|x64.Build.0 = Release|Any CPU
		{6D57C611-4301-413B-A615-3E6CA504DFEE}.Release|x86.ActiveCfg = Release|Any CPU
		{6D57C611-4301-413B-A615-3E6CA504DFEE}.Release|x86.Build.0 = Release|Any CPU
		{91BC4BE8-C17E-410E-92EC-44D7CE073E95}.Debug|.NET.ActiveCfg = Debug|Any CPU
		{91BC4BE8-C17E-410E-92EC-44D7CE073E95}.Debug|.NET.Build.0 = Debug|Any CPU
		{91BC4BE8-C17E-410E-92EC-44D7CE073E95}.Debug|Any CPU.ActiveCfg = Debug|Any CPU
		{91BC4BE8-C17E-410E-92EC-44D7CE073E95}.Debug|Any CPU.Build.0 = Debug|Any CPU
		{91BC4BE8-C17E-410E-92EC-44D7CE073E95}.Debug|Mixed Platforms.ActiveCfg = Debug|Any CPU
		{91BC4BE8-C17E-410E-92EC-44D7CE073E95}.Debug|Mixed Platforms.Build.0 = Debug|Any CPU
		{91BC4BE8-C17E-410E-92EC-44D7CE073E95}.Debug|x64.ActiveCfg = Debug|Any CPU
		{91BC4BE8-C17E-410E-92EC-44D7CE073E95}.Debug|x64.Build.0 = Debug|Any CPU
		{91BC4BE8-C17E-410E-92EC-44D7CE073E95}.Debug|x86.ActiveCfg = Debug|Any CPU
		{91BC4BE8-C17E-410E-92EC-44D7CE073E95}.Debug|x86.Build.0 = Debug|Any CPU
		{91BC4BE8-C17E-410E-92EC-44D7CE073E95}.Release|.NET.ActiveCfg = Release|Any CPU
		{91BC4BE8-C17E-410E-92EC-44D7CE073E95}.Release|.NET.Build.0 = Release|Any CPU
		{91BC4BE8-C17E-410E-92EC-44D7CE073E95}.Release|Any CPU.ActiveCfg = Release|Any CPU
		{91BC4BE8-C17E-410E-92EC-44D7CE073E95}.Release|Any CPU.Build.0 = Release|Any CPU
		{91BC4BE8-C17E-410E-92EC-44D7CE073E95}.Release|Mixed Platforms.ActiveCfg = Release|Any CPU
		{91BC4BE8-C17E-410E-92EC-44D7CE073E95}.Release|Mixed Platforms.Build.0 = Release|Any CPU
		{91BC4BE8-C17E-410E-92EC-44D7CE073E95}.Release|x64.ActiveCfg = Release|Any CPU
		{91BC4BE8-C17E-410E-92EC-44D7CE073E95}.Release|x64.Build.0 = Release|Any CPU
		{91BC4BE8-C17E-410E-92EC-44D7CE073E95}.Release|x86.ActiveCfg = Release|Any CPU
		{91BC4BE8-C17E-410E-92EC-44D7CE073E95}.Release|x86.Build.0 = Release|Any CPU
		{963C757F-2155-4E6B-A27A-816D3BF70D62}.Debug|.NET.ActiveCfg = Debug|Any CPU
		{963C757F-2155-4E6B-A27A-816D3BF70D62}.Debug|.NET.Build.0 = Debug|Any CPU
		{963C757F-2155-4E6B-A27A-816D3BF70D62}.Debug|Any CPU.ActiveCfg = Debug|Any CPU
		{963C757F-2155-4E6B-A27A-816D3BF70D62}.Debug|Any CPU.Build.0 = Debug|Any CPU
		{963C757F-2155-4E6B-A27A-816D3BF70D62}.Debug|Mixed Platforms.ActiveCfg = Debug|Any CPU
		{963C757F-2155-4E6B-A27A-816D3BF70D62}.Debug|Mixed Platforms.Build.0 = Debug|Any CPU
		{963C757F-2155-4E6B-A27A-816D3BF70D62}.Debug|x64.ActiveCfg = Debug|Any CPU
		{963C757F-2155-4E6B-A27A-816D3BF70D62}.Debug|x64.Build.0 = Debug|Any CPU
		{963C757F-2155-4E6B-A27A-816D3BF70D62}.Debug|x86.ActiveCfg = Debug|Any CPU
		{963C757F-2155-4E6B-A27A-816D3BF70D62}.Debug|x86.Build.0 = Debug|Any CPU
		{963C757F-2155-4E6B-A27A-816D3BF70D62}.Release|.NET.ActiveCfg = Release|Any CPU
		{963C757F-2155-4E6B-A27A-816D3BF70D62}.Release|.NET.Build.0 = Release|Any CPU
		{963C757F-2155-4E6B-A27A-816D3BF70D62}.Release|Any CPU.ActiveCfg = Release|Any CPU
		{963C757F-2155-4E6B-A27A-816D3BF70D62}.Release|Any CPU.Build.0 = Release|Any CPU
		{963C757F-2155-4E6B-A27A-816D3BF70D62}.Release|Mixed Platforms.ActiveCfg = Release|Any CPU
		{963C757F-2155-4E6B-A27A-816D3BF70D62}.Release|Mixed Platforms.Build.0 = Release|Any CPU
		{963C757F-2155-4E6B-A27A-816D3BF70D62}.Release|x64.ActiveCfg = Release|Any CPU
		{963C757F-2155-4E6B-A27A-816D3BF70D62}.Release|x64.Build.0 = Release|Any CPU
		{963C757F-2155-4E6B-A27A-816D3BF70D62}.Release|x86.ActiveCfg = Release|Any CPU
		{963C757F-2155-4E6B-A27A-816D3BF70D62}.Release|x86.Build.0 = Release|Any CPU
		{708DA4C4-21E9-4467-A5C0-EC8088CD1F1C}.Debug|.NET.ActiveCfg = Debug|Any CPU
		{708DA4C4-21E9-4467-A5C0-EC8088CD1F1C}.Debug|.NET.Build.0 = Debug|Any CPU
		{708DA4C4-21E9-4467-A5C0-EC8088CD1F1C}.Debug|Any CPU.ActiveCfg = Debug|Any CPU
		{708DA4C4-21E9-4467-A5C0-EC8088CD1F1C}.Debug|Any CPU.Build.0 = Debug|Any CPU
		{708DA4C4-21E9-4467-A5C0-EC8088CD1F1C}.Debug|Mixed Platforms.ActiveCfg = Debug|Any CPU
		{708DA4C4-21E9-4467-A5C0-EC8088CD1F1C}.Debug|Mixed Platforms.Build.0 = Debug|Any CPU
		{708DA4C4-21E9-4467-A5C0-EC8088CD1F1C}.Debug|x64.ActiveCfg = Debug|Any CPU
		{708DA4C4-21E9-4467-A5C0-EC8088CD1F1C}.Debug|x64.Build.0 = Debug|Any CPU
		{708DA4C4-21E9-4467-A5C0-EC8088CD1F1C}.Debug|x86.ActiveCfg = Debug|Any CPU
		{708DA4C4-21E9-4467-A5C0-EC8088CD1F1C}.Debug|x86.Build.0 = Debug|Any CPU
		{708DA4C4-21E9-4467-A5C0-EC8088CD1F1C}.Release|.NET.ActiveCfg = Release|Any CPU
		{708DA4C4-21E9-4467-A5C0-EC8088CD1F1C}.Release|.NET.Build.0 = Release|Any CPU
		{708DA4C4-21E9-4467-A5C0-EC8088CD1F1C}.Release|Any CPU.ActiveCfg = Release|Any CPU
		{708DA4C4-21E9-4467-A5C0-EC8088CD1F1C}.Release|Any CPU.Build.0 = Release|Any CPU
		{708DA4C4-21E9-4467-A5C0-EC8088CD1F1C}.Release|Mixed Platforms.ActiveCfg = Release|Any CPU
		{708DA4C4-21E9-4467-A5C0-EC8088CD1F1C}.Release|Mixed Platforms.Build.0 = Release|Any CPU
		{708DA4C4-21E9-4467-A5C0-EC8088CD1F1C}.Release|x64.ActiveCfg = Release|Any CPU
		{708DA4C4-21E9-4467-A5C0-EC8088CD1F1C}.Release|x64.Build.0 = Release|Any CPU
		{708DA4C4-21E9-4467-A5C0-EC8088CD1F1C}.Release|x86.ActiveCfg = Release|Any CPU
		{708DA4C4-21E9-4467-A5C0-EC8088CD1F1C}.Release|x86.Build.0 = Release|Any CPU
		{5BA69137-30A7-4370-BA13-5E241164D9B9}.Debug|.NET.ActiveCfg = Debug|Any CPU
		{5BA69137-30A7-4370-BA13-5E241164D9B9}.Debug|.NET.Build.0 = Debug|Any CPU
		{5BA69137-30A7-4370-BA13-5E241164D9B9}.Debug|Any CPU.ActiveCfg = Debug|Any CPU
		{5BA69137-30A7-4370-BA13-5E241164D9B9}.Debug|Any CPU.Build.0 = Debug|Any CPU
		{5BA69137-30A7-4370-BA13-5E241164D9B9}.Debug|Mixed Platforms.ActiveCfg = Debug|Any CPU
		{5BA69137-30A7-4370-BA13-5E241164D9B9}.Debug|Mixed Platforms.Build.0 = Debug|Any CPU
		{5BA69137-30A7-4370-BA13-5E241164D9B9}.Debug|x64.ActiveCfg = Debug|Any CPU
		{5BA69137-30A7-4370-BA13-5E241164D9B9}.Debug|x64.Build.0 = Debug|Any CPU
		{5BA69137-30A7-4370-BA13-5E241164D9B9}.Debug|x86.ActiveCfg = Debug|Any CPU
		{5BA69137-30A7-4370-BA13-5E241164D9B9}.Debug|x86.Build.0 = Debug|Any CPU
		{5BA69137-30A7-4370-BA13-5E241164D9B9}.Release|.NET.ActiveCfg = Release|Any CPU
		{5BA69137-30A7-4370-BA13-5E241164D9B9}.Release|.NET.Build.0 = Release|Any CPU
		{5BA69137-30A7-4370-BA13-5E241164D9B9}.Release|Any CPU.ActiveCfg = Release|Any CPU
		{5BA69137-30A7-4370-BA13-5E241164D9B9}.Release|Any CPU.Build.0 = Release|Any CPU
		{5BA69137-30A7-4370-BA13-5E241164D9B9}.Release|Mixed Platforms.ActiveCfg = Release|Any CPU
		{5BA69137-30A7-4370-BA13-5E241164D9B9}.Release|Mixed Platforms.Build.0 = Release|Any CPU
		{5BA69137-30A7-4370-BA13-5E241164D9B9}.Release|x64.ActiveCfg = Release|Any CPU
		{5BA69137-30A7-4370-BA13-5E241164D9B9}.Release|x64.Build.0 = Release|Any CPU
		{5BA69137-30A7-4370-BA13-5E241164D9B9}.Release|x86.ActiveCfg = Release|Any CPU
		{5BA69137-30A7-4370-BA13-5E241164D9B9}.Release|x86.Build.0 = Release|Any CPU
		{F3B2CE55-F53F-4F45-94A3-3B104BD56899}.Debug|.NET.ActiveCfg = Debug|Any CPU
		{F3B2CE55-F53F-4F45-94A3-3B104BD56899}.Debug|.NET.Build.0 = Debug|Any CPU
		{F3B2CE55-F53F-4F45-94A3-3B104BD56899}.Debug|Any CPU.ActiveCfg = Debug|Any CPU
		{F3B2CE55-F53F-4F45-94A3-3B104BD56899}.Debug|Any CPU.Build.0 = Debug|Any CPU
		{F3B2CE55-F53F-4F45-94A3-3B104BD56899}.Debug|Mixed Platforms.ActiveCfg = Debug|Any CPU
		{F3B2CE55-F53F-4F45-94A3-3B104BD56899}.Debug|Mixed Platforms.Build.0 = Debug|Any CPU
		{F3B2CE55-F53F-4F45-94A3-3B104BD56899}.Debug|x64.ActiveCfg = Debug|Any CPU
		{F3B2CE55-F53F-4F45-94A3-3B104BD56899}.Debug|x64.Build.0 = Debug|Any CPU
		{F3B2CE55-F53F-4F45-94A3-3B104BD56899}.Debug|x86.ActiveCfg = Debug|Any CPU
		{F3B2CE55-F53F-4F45-94A3-3B104BD56899}.Debug|x86.Build.0 = Debug|Any CPU
		{F3B2CE55-F53F-4F45-94A3-3B104BD56899}.Release|.NET.ActiveCfg = Release|Any CPU
		{F3B2CE55-F53F-4F45-94A3-3B104BD56899}.Release|.NET.Build.0 = Release|Any CPU
		{F3B2CE55-F53F-4F45-94A3-3B104BD56899}.Release|Any CPU.ActiveCfg = Release|Any CPU
		{F3B2CE55-F53F-4F45-94A3-3B104BD56899}.Release|Any CPU.Build.0 = Release|Any CPU
		{F3B2CE55-F53F-4F45-94A3-3B104BD56899}.Release|Mixed Platforms.ActiveCfg = Release|Any CPU
		{F3B2CE55-F53F-4F45-94A3-3B104BD56899}.Release|Mixed Platforms.Build.0 = Release|Any CPU
		{F3B2CE55-F53F-4F45-94A3-3B104BD56899}.Release|x64.ActiveCfg = Release|Any CPU
		{F3B2CE55-F53F-4F45-94A3-3B104BD56899}.Release|x64.Build.0 = Release|Any CPU
		{F3B2CE55-F53F-4F45-94A3-3B104BD56899}.Release|x86.ActiveCfg = Release|Any CPU
		{F3B2CE55-F53F-4F45-94A3-3B104BD56899}.Release|x86.Build.0 = Release|Any CPU
		{56634EDC-2D8F-41BD-8D53-8C37645E0A98}.Debug|.NET.ActiveCfg = Debug|Any CPU
		{56634EDC-2D8F-41BD-8D53-8C37645E0A98}.Debug|.NET.Build.0 = Debug|Any CPU
		{56634EDC-2D8F-41BD-8D53-8C37645E0A98}.Debug|Any CPU.ActiveCfg = Debug|Any CPU
		{56634EDC-2D8F-41BD-8D53-8C37645E0A98}.Debug|Any CPU.Build.0 = Debug|Any CPU
		{56634EDC-2D8F-41BD-8D53-8C37645E0A98}.Debug|Mixed Platforms.ActiveCfg = Debug|Any CPU
		{56634EDC-2D8F-41BD-8D53-8C37645E0A98}.Debug|Mixed Platforms.Build.0 = Debug|Any CPU
		{56634EDC-2D8F-41BD-8D53-8C37645E0A98}.Debug|x64.ActiveCfg = Debug|Any CPU
		{56634EDC-2D8F-41BD-8D53-8C37645E0A98}.Debug|x64.Build.0 = Debug|Any CPU
		{56634EDC-2D8F-41BD-8D53-8C37645E0A98}.Debug|x86.ActiveCfg = Debug|Any CPU
		{56634EDC-2D8F-41BD-8D53-8C37645E0A98}.Debug|x86.Build.0 = Debug|Any CPU
		{56634EDC-2D8F-41BD-8D53-8C37645E0A98}.Release|.NET.ActiveCfg = Release|Any CPU
		{56634EDC-2D8F-41BD-8D53-8C37645E0A98}.Release|.NET.Build.0 = Release|Any CPU
		{56634EDC-2D8F-41BD-8D53-8C37645E0A98}.Release|Any CPU.ActiveCfg = Release|Any CPU
		{56634EDC-2D8F-41BD-8D53-8C37645E0A98}.Release|Any CPU.Build.0 = Release|Any CPU
		{56634EDC-2D8F-41BD-8D53-8C37645E0A98}.Release|Mixed Platforms.ActiveCfg = Release|Any CPU
		{56634EDC-2D8F-41BD-8D53-8C37645E0A98}.Release|Mixed Platforms.Build.0 = Release|Any CPU
		{56634EDC-2D8F-41BD-8D53-8C37645E0A98}.Release|x64.ActiveCfg = Release|Any CPU
		{56634EDC-2D8F-41BD-8D53-8C37645E0A98}.Release|x64.Build.0 = Release|Any CPU
		{56634EDC-2D8F-41BD-8D53-8C37645E0A98}.Release|x86.ActiveCfg = Release|Any CPU
		{56634EDC-2D8F-41BD-8D53-8C37645E0A98}.Release|x86.Build.0 = Release|Any CPU
		{19A34AB9-3D4C-4350-9C30-AB6925448F94}.Debug|.NET.ActiveCfg = Debug|Any CPU
		{19A34AB9-3D4C-4350-9C30-AB6925448F94}.Debug|.NET.Build.0 = Debug|Any CPU
		{19A34AB9-3D4C-4350-9C30-AB6925448F94}.Debug|Any CPU.ActiveCfg = Debug|Any CPU
		{19A34AB9-3D4C-4350-9C30-AB6925448F94}.Debug|Any CPU.Build.0 = Debug|Any CPU
		{19A34AB9-3D4C-4350-9C30-AB6925448F94}.Debug|Mixed Platforms.ActiveCfg = Debug|Any CPU
		{19A34AB9-3D4C-4350-9C30-AB6925448F94}.Debug|Mixed Platforms.Build.0 = Debug|Any CPU
		{19A34AB9-3D4C-4350-9C30-AB6925448F94}.Debug|x64.ActiveCfg = Debug|Any CPU
		{19A34AB9-3D4C-4350-9C30-AB6925448F94}.Debug|x64.Build.0 = Debug|Any CPU
		{19A34AB9-3D4C-4350-9C30-AB6925448F94}.Debug|x86.ActiveCfg = Debug|Any CPU
		{19A34AB9-3D4C-4350-9C30-AB6925448F94}.Debug|x86.Build.0 = Debug|Any CPU
		{19A34AB9-3D4C-4350-9C30-AB6925448F94}.Release|.NET.ActiveCfg = Release|Any CPU
		{19A34AB9-3D4C-4350-9C30-AB6925448F94}.Release|.NET.Build.0 = Release|Any CPU
		{19A34AB9-3D4C-4350-9C30-AB6925448F94}.Release|Any CPU.ActiveCfg = Release|Any CPU
		{19A34AB9-3D4C-4350-9C30-AB6925448F94}.Release|Any CPU.Build.0 = Release|Any CPU
		{19A34AB9-3D4C-4350-9C30-AB6925448F94}.Release|Mixed Platforms.ActiveCfg = Release|Any CPU
		{19A34AB9-3D4C-4350-9C30-AB6925448F94}.Release|Mixed Platforms.Build.0 = Release|Any CPU
		{19A34AB9-3D4C-4350-9C30-AB6925448F94}.Release|x64.ActiveCfg = Release|Any CPU
		{19A34AB9-3D4C-4350-9C30-AB6925448F94}.Release|x64.Build.0 = Release|Any CPU
		{19A34AB9-3D4C-4350-9C30-AB6925448F94}.Release|x86.ActiveCfg = Release|Any CPU
		{19A34AB9-3D4C-4350-9C30-AB6925448F94}.Release|x86.Build.0 = Release|Any CPU
		{52DB2A59-07F7-4405-A8F0-19F4B0A6BA4D}.Debug|.NET.ActiveCfg = Debug|Any CPU
		{52DB2A59-07F7-4405-A8F0-19F4B0A6BA4D}.Debug|.NET.Build.0 = Debug|Any CPU
		{52DB2A59-07F7-4405-A8F0-19F4B0A6BA4D}.Debug|Any CPU.ActiveCfg = Debug|Any CPU
		{52DB2A59-07F7-4405-A8F0-19F4B0A6BA4D}.Debug|Any CPU.Build.0 = Debug|Any CPU
		{52DB2A59-07F7-4405-A8F0-19F4B0A6BA4D}.Debug|Mixed Platforms.ActiveCfg = Debug|Any CPU
		{52DB2A59-07F7-4405-A8F0-19F4B0A6BA4D}.Debug|Mixed Platforms.Build.0 = Debug|Any CPU
		{52DB2A59-07F7-4405-A8F0-19F4B0A6BA4D}.Debug|x64.ActiveCfg = Debug|Any CPU
		{52DB2A59-07F7-4405-A8F0-19F4B0A6BA4D}.Debug|x64.Build.0 = Debug|Any CPU
		{52DB2A59-07F7-4405-A8F0-19F4B0A6BA4D}.Debug|x86.ActiveCfg = Debug|Any CPU
		{52DB2A59-07F7-4405-A8F0-19F4B0A6BA4D}.Debug|x86.Build.0 = Debug|Any CPU
		{52DB2A59-07F7-4405-A8F0-19F4B0A6BA4D}.Release|.NET.ActiveCfg = Release|Any CPU
		{52DB2A59-07F7-4405-A8F0-19F4B0A6BA4D}.Release|.NET.Build.0 = Release|Any CPU
		{52DB2A59-07F7-4405-A8F0-19F4B0A6BA4D}.Release|Any CPU.ActiveCfg = Release|Any CPU
		{52DB2A59-07F7-4405-A8F0-19F4B0A6BA4D}.Release|Any CPU.Build.0 = Release|Any CPU
		{52DB2A59-07F7-4405-A8F0-19F4B0A6BA4D}.Release|Mixed Platforms.ActiveCfg = Release|Any CPU
		{52DB2A59-07F7-4405-A8F0-19F4B0A6BA4D}.Release|Mixed Platforms.Build.0 = Release|Any CPU
		{52DB2A59-07F7-4405-A8F0-19F4B0A6BA4D}.Release|x64.ActiveCfg = Release|Any CPU
		{52DB2A59-07F7-4405-A8F0-19F4B0A6BA4D}.Release|x64.Build.0 = Release|Any CPU
		{52DB2A59-07F7-4405-A8F0-19F4B0A6BA4D}.Release|x86.ActiveCfg = Release|Any CPU
		{52DB2A59-07F7-4405-A8F0-19F4B0A6BA4D}.Release|x86.Build.0 = Release|Any CPU
		{652D220B-5F2E-4371-B605-CF689B1915B8}.Debug|.NET.ActiveCfg = Debug|Any CPU
		{652D220B-5F2E-4371-B605-CF689B1915B8}.Debug|.NET.Build.0 = Debug|Any CPU
		{652D220B-5F2E-4371-B605-CF689B1915B8}.Debug|Any CPU.ActiveCfg = Debug|Any CPU
		{652D220B-5F2E-4371-B605-CF689B1915B8}.Debug|Any CPU.Build.0 = Debug|Any CPU
		{652D220B-5F2E-4371-B605-CF689B1915B8}.Debug|Mixed Platforms.ActiveCfg = Debug|Any CPU
		{652D220B-5F2E-4371-B605-CF689B1915B8}.Debug|Mixed Platforms.Build.0 = Debug|Any CPU
		{652D220B-5F2E-4371-B605-CF689B1915B8}.Debug|x64.ActiveCfg = Debug|Any CPU
		{652D220B-5F2E-4371-B605-CF689B1915B8}.Debug|x64.Build.0 = Debug|Any CPU
		{652D220B-5F2E-4371-B605-CF689B1915B8}.Debug|x86.ActiveCfg = Debug|Any CPU
		{652D220B-5F2E-4371-B605-CF689B1915B8}.Debug|x86.Build.0 = Debug|Any CPU
		{652D220B-5F2E-4371-B605-CF689B1915B8}.Release|.NET.ActiveCfg = Release|Any CPU
		{652D220B-5F2E-4371-B605-CF689B1915B8}.Release|.NET.Build.0 = Release|Any CPU
		{652D220B-5F2E-4371-B605-CF689B1915B8}.Release|Any CPU.ActiveCfg = Release|Any CPU
		{652D220B-5F2E-4371-B605-CF689B1915B8}.Release|Any CPU.Build.0 = Release|Any CPU
		{652D220B-5F2E-4371-B605-CF689B1915B8}.Release|Mixed Platforms.ActiveCfg = Release|Any CPU
		{652D220B-5F2E-4371-B605-CF689B1915B8}.Release|Mixed Platforms.Build.0 = Release|Any CPU
		{652D220B-5F2E-4371-B605-CF689B1915B8}.Release|x64.ActiveCfg = Release|Any CPU
		{652D220B-5F2E-4371-B605-CF689B1915B8}.Release|x64.Build.0 = Release|Any CPU
		{652D220B-5F2E-4371-B605-CF689B1915B8}.Release|x86.ActiveCfg = Release|Any CPU
		{652D220B-5F2E-4371-B605-CF689B1915B8}.Release|x86.Build.0 = Release|Any CPU
		{B3B070F3-8C19-49FA-9837-0B419939B315}.Debug|.NET.ActiveCfg = Debug|Any CPU
		{B3B070F3-8C19-49FA-9837-0B419939B315}.Debug|.NET.Build.0 = Debug|Any CPU
		{B3B070F3-8C19-49FA-9837-0B419939B315}.Debug|Any CPU.ActiveCfg = Debug|Any CPU
		{B3B070F3-8C19-49FA-9837-0B419939B315}.Debug|Any CPU.Build.0 = Debug|Any CPU
		{B3B070F3-8C19-49FA-9837-0B419939B315}.Debug|Mixed Platforms.ActiveCfg = Debug|Any CPU
		{B3B070F3-8C19-49FA-9837-0B419939B315}.Debug|Mixed Platforms.Build.0 = Debug|Any CPU
		{B3B070F3-8C19-49FA-9837-0B419939B315}.Debug|x64.ActiveCfg = Debug|Any CPU
		{B3B070F3-8C19-49FA-9837-0B419939B315}.Debug|x64.Build.0 = Debug|Any CPU
		{B3B070F3-8C19-49FA-9837-0B419939B315}.Debug|x86.ActiveCfg = Debug|Any CPU
		{B3B070F3-8C19-49FA-9837-0B419939B315}.Debug|x86.Build.0 = Debug|Any CPU
		{B3B070F3-8C19-49FA-9837-0B419939B315}.Release|.NET.ActiveCfg = Release|Any CPU
		{B3B070F3-8C19-49FA-9837-0B419939B315}.Release|.NET.Build.0 = Release|Any CPU
		{B3B070F3-8C19-49FA-9837-0B419939B315}.Release|Any CPU.ActiveCfg = Release|Any CPU
		{B3B070F3-8C19-49FA-9837-0B419939B315}.Release|Any CPU.Build.0 = Release|Any CPU
		{B3B070F3-8C19-49FA-9837-0B419939B315}.Release|Mixed Platforms.ActiveCfg = Release|Any CPU
		{B3B070F3-8C19-49FA-9837-0B419939B315}.Release|Mixed Platforms.Build.0 = Release|Any CPU
		{B3B070F3-8C19-49FA-9837-0B419939B315}.Release|x64.ActiveCfg = Release|Any CPU
		{B3B070F3-8C19-49FA-9837-0B419939B315}.Release|x64.Build.0 = Release|Any CPU
		{B3B070F3-8C19-49FA-9837-0B419939B315}.Release|x86.ActiveCfg = Release|Any CPU
		{B3B070F3-8C19-49FA-9837-0B419939B315}.Release|x86.Build.0 = Release|Any CPU
		{5E3FBEA6-99EA-44AC-AB8F-192FA215AD23}.Debug|.NET.ActiveCfg = Debug|Any CPU
		{5E3FBEA6-99EA-44AC-AB8F-192FA215AD23}.Debug|.NET.Build.0 = Debug|Any CPU
		{5E3FBEA6-99EA-44AC-AB8F-192FA215AD23}.Debug|Any CPU.ActiveCfg = Debug|Any CPU
		{5E3FBEA6-99EA-44AC-AB8F-192FA215AD23}.Debug|Any CPU.Build.0 = Debug|Any CPU
		{5E3FBEA6-99EA-44AC-AB8F-192FA215AD23}.Debug|Mixed Platforms.ActiveCfg = Debug|Any CPU
		{5E3FBEA6-99EA-44AC-AB8F-192FA215AD23}.Debug|Mixed Platforms.Build.0 = Debug|Any CPU
		{5E3FBEA6-99EA-44AC-AB8F-192FA215AD23}.Debug|x64.ActiveCfg = Debug|Any CPU
		{5E3FBEA6-99EA-44AC-AB8F-192FA215AD23}.Debug|x64.Build.0 = Debug|Any CPU
		{5E3FBEA6-99EA-44AC-AB8F-192FA215AD23}.Debug|x86.ActiveCfg = Debug|Any CPU
		{5E3FBEA6-99EA-44AC-AB8F-192FA215AD23}.Debug|x86.Build.0 = Debug|Any CPU
		{5E3FBEA6-99EA-44AC-AB8F-192FA215AD23}.Release|.NET.ActiveCfg = Release|Any CPU
		{5E3FBEA6-99EA-44AC-AB8F-192FA215AD23}.Release|.NET.Build.0 = Release|Any CPU
		{5E3FBEA6-99EA-44AC-AB8F-192FA215AD23}.Release|Any CPU.ActiveCfg = Release|Any CPU
		{5E3FBEA6-99EA-44AC-AB8F-192FA215AD23}.Release|Any CPU.Build.0 = Release|Any CPU
		{5E3FBEA6-99EA-44AC-AB8F-192FA215AD23}.Release|Mixed Platforms.ActiveCfg = Release|Any CPU
		{5E3FBEA6-99EA-44AC-AB8F-192FA215AD23}.Release|Mixed Platforms.Build.0 = Release|Any CPU
		{5E3FBEA6-99EA-44AC-AB8F-192FA215AD23}.Release|x64.ActiveCfg = Release|Any CPU
		{5E3FBEA6-99EA-44AC-AB8F-192FA215AD23}.Release|x64.Build.0 = Release|Any CPU
		{5E3FBEA6-99EA-44AC-AB8F-192FA215AD23}.Release|x86.ActiveCfg = Release|Any CPU
		{5E3FBEA6-99EA-44AC-AB8F-192FA215AD23}.Release|x86.Build.0 = Release|Any CPU
		{FCBA4BF1-DCD5-46AC-A936-13412829E52F}.Debug|.NET.ActiveCfg = Debug|Any CPU
		{FCBA4BF1-DCD5-46AC-A936-13412829E52F}.Debug|.NET.Build.0 = Debug|Any CPU
		{FCBA4BF1-DCD5-46AC-A936-13412829E52F}.Debug|Any CPU.ActiveCfg = Debug|Any CPU
		{FCBA4BF1-DCD5-46AC-A936-13412829E52F}.Debug|Any CPU.Build.0 = Debug|Any CPU
		{FCBA4BF1-DCD5-46AC-A936-13412829E52F}.Debug|Mixed Platforms.ActiveCfg = Debug|Any CPU
		{FCBA4BF1-DCD5-46AC-A936-13412829E52F}.Debug|Mixed Platforms.Build.0 = Debug|Any CPU
		{FCBA4BF1-DCD5-46AC-A936-13412829E52F}.Debug|x64.ActiveCfg = Debug|Any CPU
		{FCBA4BF1-DCD5-46AC-A936-13412829E52F}.Debug|x64.Build.0 = Debug|Any CPU
		{FCBA4BF1-DCD5-46AC-A936-13412829E52F}.Debug|x86.ActiveCfg = Debug|Any CPU
		{FCBA4BF1-DCD5-46AC-A936-13412829E52F}.Debug|x86.Build.0 = Debug|Any CPU
		{FCBA4BF1-DCD5-46AC-A936-13412829E52F}.Release|.NET.ActiveCfg = Release|Any CPU
		{FCBA4BF1-DCD5-46AC-A936-13412829E52F}.Release|.NET.Build.0 = Release|Any CPU
		{FCBA4BF1-DCD5-46AC-A936-13412829E52F}.Release|Any CPU.ActiveCfg = Release|Any CPU
		{FCBA4BF1-DCD5-46AC-A936-13412829E52F}.Release|Any CPU.Build.0 = Release|Any CPU
		{FCBA4BF1-DCD5-46AC-A936-13412829E52F}.Release|Mixed Platforms.ActiveCfg = Release|Any CPU
		{FCBA4BF1-DCD5-46AC-A936-13412829E52F}.Release|Mixed Platforms.Build.0 = Release|Any CPU
		{FCBA4BF1-DCD5-46AC-A936-13412829E52F}.Release|x64.ActiveCfg = Release|Any CPU
		{FCBA4BF1-DCD5-46AC-A936-13412829E52F}.Release|x64.Build.0 = Release|Any CPU
		{FCBA4BF1-DCD5-46AC-A936-13412829E52F}.Release|x86.ActiveCfg = Release|Any CPU
		{FCBA4BF1-DCD5-46AC-A936-13412829E52F}.Release|x86.Build.0 = Release|Any CPU
		{34575F7A-8E53-4B9C-9848-20339D9AD13D}.Debug|.NET.ActiveCfg = Debug|Any CPU
		{34575F7A-8E53-4B9C-9848-20339D9AD13D}.Debug|.NET.Build.0 = Debug|Any CPU
		{34575F7A-8E53-4B9C-9848-20339D9AD13D}.Debug|Any CPU.ActiveCfg = Debug|Any CPU
		{34575F7A-8E53-4B9C-9848-20339D9AD13D}.Debug|Any CPU.Build.0 = Debug|Any CPU
		{34575F7A-8E53-4B9C-9848-20339D9AD13D}.Debug|Mixed Platforms.ActiveCfg = Debug|Any CPU
		{34575F7A-8E53-4B9C-9848-20339D9AD13D}.Debug|Mixed Platforms.Build.0 = Debug|Any CPU
		{34575F7A-8E53-4B9C-9848-20339D9AD13D}.Debug|x64.ActiveCfg = Debug|Any CPU
		{34575F7A-8E53-4B9C-9848-20339D9AD13D}.Debug|x64.Build.0 = Debug|Any CPU
		{34575F7A-8E53-4B9C-9848-20339D9AD13D}.Debug|x86.ActiveCfg = Debug|Any CPU
		{34575F7A-8E53-4B9C-9848-20339D9AD13D}.Debug|x86.Build.0 = Debug|Any CPU
		{34575F7A-8E53-4B9C-9848-20339D9AD13D}.Release|.NET.ActiveCfg = Release|Any CPU
		{34575F7A-8E53-4B9C-9848-20339D9AD13D}.Release|.NET.Build.0 = Release|Any CPU
		{34575F7A-8E53-4B9C-9848-20339D9AD13D}.Release|Any CPU.ActiveCfg = Release|Any CPU
		{34575F7A-8E53-4B9C-9848-20339D9AD13D}.Release|Any CPU.Build.0 = Release|Any CPU
		{34575F7A-8E53-4B9C-9848-20339D9AD13D}.Release|Mixed Platforms.ActiveCfg = Release|Any CPU
		{34575F7A-8E53-4B9C-9848-20339D9AD13D}.Release|Mixed Platforms.Build.0 = Release|Any CPU
		{34575F7A-8E53-4B9C-9848-20339D9AD13D}.Release|x64.ActiveCfg = Release|Any CPU
		{34575F7A-8E53-4B9C-9848-20339D9AD13D}.Release|x64.Build.0 = Release|Any CPU
		{34575F7A-8E53-4B9C-9848-20339D9AD13D}.Release|x86.ActiveCfg = Release|Any CPU
		{34575F7A-8E53-4B9C-9848-20339D9AD13D}.Release|x86.Build.0 = Release|Any CPU
		{7F1D2F9B-0409-47E8-9804-7ED1089B64B6}.Debug|.NET.ActiveCfg = Debug|Any CPU
		{7F1D2F9B-0409-47E8-9804-7ED1089B64B6}.Debug|.NET.Build.0 = Debug|Any CPU
		{7F1D2F9B-0409-47E8-9804-7ED1089B64B6}.Debug|Any CPU.ActiveCfg = Debug|Any CPU
		{7F1D2F9B-0409-47E8-9804-7ED1089B64B6}.Debug|Any CPU.Build.0 = Debug|Any CPU
		{7F1D2F9B-0409-47E8-9804-7ED1089B64B6}.Debug|Mixed Platforms.ActiveCfg = Debug|Any CPU
		{7F1D2F9B-0409-47E8-9804-7ED1089B64B6}.Debug|Mixed Platforms.Build.0 = Debug|Any CPU
		{7F1D2F9B-0409-47E8-9804-7ED1089B64B6}.Debug|x64.ActiveCfg = Debug|Any CPU
		{7F1D2F9B-0409-47E8-9804-7ED1089B64B6}.Debug|x64.Build.0 = Debug|Any CPU
		{7F1D2F9B-0409-47E8-9804-7ED1089B64B6}.Debug|x86.ActiveCfg = Debug|Any CPU
		{7F1D2F9B-0409-47E8-9804-7ED1089B64B6}.Debug|x86.Build.0 = Debug|Any CPU
		{7F1D2F9B-0409-47E8-9804-7ED1089B64B6}.Release|.NET.ActiveCfg = Release|Any CPU
		{7F1D2F9B-0409-47E8-9804-7ED1089B64B6}.Release|.NET.Build.0 = Release|Any CPU
		{7F1D2F9B-0409-47E8-9804-7ED1089B64B6}.Release|Any CPU.ActiveCfg = Release|Any CPU
		{7F1D2F9B-0409-47E8-9804-7ED1089B64B6}.Release|Any CPU.Build.0 = Release|Any CPU
		{7F1D2F9B-0409-47E8-9804-7ED1089B64B6}.Release|Mixed Platforms.ActiveCfg = Release|Any CPU
		{7F1D2F9B-0409-47E8-9804-7ED1089B64B6}.Release|Mixed Platforms.Build.0 = Release|Any CPU
		{7F1D2F9B-0409-47E8-9804-7ED1089B64B6}.Release|x64.ActiveCfg = Release|Any CPU
		{7F1D2F9B-0409-47E8-9804-7ED1089B64B6}.Release|x64.Build.0 = Release|Any CPU
		{7F1D2F9B-0409-47E8-9804-7ED1089B64B6}.Release|x86.ActiveCfg = Release|Any CPU
		{7F1D2F9B-0409-47E8-9804-7ED1089B64B6}.Release|x86.Build.0 = Release|Any CPU
		{D88E862D-363F-4459-A23B-E2348F2542D6}.Debug|.NET.ActiveCfg = Debug|Any CPU
		{D88E862D-363F-4459-A23B-E2348F2542D6}.Debug|.NET.Build.0 = Debug|Any CPU
		{D88E862D-363F-4459-A23B-E2348F2542D6}.Debug|Any CPU.ActiveCfg = Debug|Any CPU
		{D88E862D-363F-4459-A23B-E2348F2542D6}.Debug|Any CPU.Build.0 = Debug|Any CPU
		{D88E862D-363F-4459-A23B-E2348F2542D6}.Debug|Mixed Platforms.ActiveCfg = Debug|Any CPU
		{D88E862D-363F-4459-A23B-E2348F2542D6}.Debug|Mixed Platforms.Build.0 = Debug|Any CPU
		{D88E862D-363F-4459-A23B-E2348F2542D6}.Debug|x64.ActiveCfg = Debug|Any CPU
		{D88E862D-363F-4459-A23B-E2348F2542D6}.Debug|x64.Build.0 = Debug|Any CPU
		{D88E862D-363F-4459-A23B-E2348F2542D6}.Debug|x86.ActiveCfg = Debug|Any CPU
		{D88E862D-363F-4459-A23B-E2348F2542D6}.Debug|x86.Build.0 = Debug|Any CPU
		{D88E862D-363F-4459-A23B-E2348F2542D6}.Release|.NET.ActiveCfg = Release|Any CPU
		{D88E862D-363F-4459-A23B-E2348F2542D6}.Release|.NET.Build.0 = Release|Any CPU
		{D88E862D-363F-4459-A23B-E2348F2542D6}.Release|Any CPU.ActiveCfg = Release|Any CPU
		{D88E862D-363F-4459-A23B-E2348F2542D6}.Release|Any CPU.Build.0 = Release|Any CPU
		{D88E862D-363F-4459-A23B-E2348F2542D6}.Release|Mixed Platforms.ActiveCfg = Release|Any CPU
		{D88E862D-363F-4459-A23B-E2348F2542D6}.Release|Mixed Platforms.Build.0 = Release|Any CPU
		{D88E862D-363F-4459-A23B-E2348F2542D6}.Release|x64.ActiveCfg = Release|Any CPU
		{D88E862D-363F-4459-A23B-E2348F2542D6}.Release|x64.Build.0 = Release|Any CPU
		{D88E862D-363F-4459-A23B-E2348F2542D6}.Release|x86.ActiveCfg = Release|Any CPU
		{D88E862D-363F-4459-A23B-E2348F2542D6}.Release|x86.Build.0 = Release|Any CPU
		{A466309A-9474-45E3-BA09-D46461DCD6CE}.Debug|.NET.ActiveCfg = Debug|Any CPU
		{A466309A-9474-45E3-BA09-D46461DCD6CE}.Debug|.NET.Build.0 = Debug|Any CPU
		{A466309A-9474-45E3-BA09-D46461DCD6CE}.Debug|Any CPU.ActiveCfg = Debug|Any CPU
		{A466309A-9474-45E3-BA09-D46461DCD6CE}.Debug|Any CPU.Build.0 = Debug|Any CPU
		{A466309A-9474-45E3-BA09-D46461DCD6CE}.Debug|Mixed Platforms.ActiveCfg = Debug|Any CPU
		{A466309A-9474-45E3-BA09-D46461DCD6CE}.Debug|Mixed Platforms.Build.0 = Debug|Any CPU
		{A466309A-9474-45E3-BA09-D46461DCD6CE}.Debug|x64.ActiveCfg = Debug|Any CPU
		{A466309A-9474-45E3-BA09-D46461DCD6CE}.Debug|x64.Build.0 = Debug|Any CPU
		{A466309A-9474-45E3-BA09-D46461DCD6CE}.Debug|x86.ActiveCfg = Debug|Any CPU
		{A466309A-9474-45E3-BA09-D46461DCD6CE}.Debug|x86.Build.0 = Debug|Any CPU
		{A466309A-9474-45E3-BA09-D46461DCD6CE}.Release|.NET.ActiveCfg = Release|Any CPU
		{A466309A-9474-45E3-BA09-D46461DCD6CE}.Release|.NET.Build.0 = Release|Any CPU
		{A466309A-9474-45E3-BA09-D46461DCD6CE}.Release|Any CPU.ActiveCfg = Release|Any CPU
		{A466309A-9474-45E3-BA09-D46461DCD6CE}.Release|Any CPU.Build.0 = Release|Any CPU
		{A466309A-9474-45E3-BA09-D46461DCD6CE}.Release|Mixed Platforms.ActiveCfg = Release|Any CPU
		{A466309A-9474-45E3-BA09-D46461DCD6CE}.Release|Mixed Platforms.Build.0 = Release|Any CPU
		{A466309A-9474-45E3-BA09-D46461DCD6CE}.Release|x64.ActiveCfg = Release|Any CPU
		{A466309A-9474-45E3-BA09-D46461DCD6CE}.Release|x64.Build.0 = Release|Any CPU
		{A466309A-9474-45E3-BA09-D46461DCD6CE}.Release|x86.ActiveCfg = Release|Any CPU
		{A466309A-9474-45E3-BA09-D46461DCD6CE}.Release|x86.Build.0 = Release|Any CPU
		{3A75F6CC-EFA5-4AF7-982C-3F62FF17EF29}.Debug|.NET.ActiveCfg = Debug|Any CPU
		{3A75F6CC-EFA5-4AF7-982C-3F62FF17EF29}.Debug|.NET.Build.0 = Debug|Any CPU
		{3A75F6CC-EFA5-4AF7-982C-3F62FF17EF29}.Debug|Any CPU.ActiveCfg = Debug|Any CPU
		{3A75F6CC-EFA5-4AF7-982C-3F62FF17EF29}.Debug|Any CPU.Build.0 = Debug|Any CPU
		{3A75F6CC-EFA5-4AF7-982C-3F62FF17EF29}.Debug|Mixed Platforms.ActiveCfg = Debug|Any CPU
		{3A75F6CC-EFA5-4AF7-982C-3F62FF17EF29}.Debug|Mixed Platforms.Build.0 = Debug|Any CPU
		{3A75F6CC-EFA5-4AF7-982C-3F62FF17EF29}.Debug|x64.ActiveCfg = Debug|Any CPU
		{3A75F6CC-EFA5-4AF7-982C-3F62FF17EF29}.Debug|x64.Build.0 = Debug|Any CPU
		{3A75F6CC-EFA5-4AF7-982C-3F62FF17EF29}.Debug|x86.ActiveCfg = Debug|Any CPU
		{3A75F6CC-EFA5-4AF7-982C-3F62FF17EF29}.Debug|x86.Build.0 = Debug|Any CPU
		{3A75F6CC-EFA5-4AF7-982C-3F62FF17EF29}.Release|.NET.ActiveCfg = Release|Any CPU
		{3A75F6CC-EFA5-4AF7-982C-3F62FF17EF29}.Release|.NET.Build.0 = Release|Any CPU
		{3A75F6CC-EFA5-4AF7-982C-3F62FF17EF29}.Release|Any CPU.ActiveCfg = Release|Any CPU
		{3A75F6CC-EFA5-4AF7-982C-3F62FF17EF29}.Release|Any CPU.Build.0 = Release|Any CPU
		{3A75F6CC-EFA5-4AF7-982C-3F62FF17EF29}.Release|Mixed Platforms.ActiveCfg = Release|Any CPU
		{3A75F6CC-EFA5-4AF7-982C-3F62FF17EF29}.Release|Mixed Platforms.Build.0 = Release|Any CPU
		{3A75F6CC-EFA5-4AF7-982C-3F62FF17EF29}.Release|x64.ActiveCfg = Release|Any CPU
		{3A75F6CC-EFA5-4AF7-982C-3F62FF17EF29}.Release|x64.Build.0 = Release|Any CPU
		{3A75F6CC-EFA5-4AF7-982C-3F62FF17EF29}.Release|x86.ActiveCfg = Release|Any CPU
		{3A75F6CC-EFA5-4AF7-982C-3F62FF17EF29}.Release|x86.Build.0 = Release|Any CPU
		{EF391635-35EA-4C0F-B7EB-B7717B433612}.Debug|.NET.ActiveCfg = Debug|Any CPU
		{EF391635-35EA-4C0F-B7EB-B7717B433612}.Debug|.NET.Build.0 = Debug|Any CPU
		{EF391635-35EA-4C0F-B7EB-B7717B433612}.Debug|Any CPU.ActiveCfg = Debug|Any CPU
		{EF391635-35EA-4C0F-B7EB-B7717B433612}.Debug|Any CPU.Build.0 = Debug|Any CPU
		{EF391635-35EA-4C0F-B7EB-B7717B433612}.Debug|Mixed Platforms.ActiveCfg = Debug|Any CPU
		{EF391635-35EA-4C0F-B7EB-B7717B433612}.Debug|Mixed Platforms.Build.0 = Debug|Any CPU
		{EF391635-35EA-4C0F-B7EB-B7717B433612}.Debug|x64.ActiveCfg = Debug|Any CPU
		{EF391635-35EA-4C0F-B7EB-B7717B433612}.Debug|x64.Build.0 = Debug|Any CPU
		{EF391635-35EA-4C0F-B7EB-B7717B433612}.Debug|x86.ActiveCfg = Debug|Any CPU
		{EF391635-35EA-4C0F-B7EB-B7717B433612}.Debug|x86.Build.0 = Debug|Any CPU
		{EF391635-35EA-4C0F-B7EB-B7717B433612}.Release|.NET.ActiveCfg = Release|Any CPU
		{EF391635-35EA-4C0F-B7EB-B7717B433612}.Release|.NET.Build.0 = Release|Any CPU
		{EF391635-35EA-4C0F-B7EB-B7717B433612}.Release|Any CPU.ActiveCfg = Release|Any CPU
		{EF391635-35EA-4C0F-B7EB-B7717B433612}.Release|Any CPU.Build.0 = Release|Any CPU
		{EF391635-35EA-4C0F-B7EB-B7717B433612}.Release|Mixed Platforms.ActiveCfg = Release|Any CPU
		{EF391635-35EA-4C0F-B7EB-B7717B433612}.Release|Mixed Platforms.Build.0 = Release|Any CPU
		{EF391635-35EA-4C0F-B7EB-B7717B433612}.Release|x64.ActiveCfg = Release|Any CPU
		{EF391635-35EA-4C0F-B7EB-B7717B433612}.Release|x64.Build.0 = Release|Any CPU
		{EF391635-35EA-4C0F-B7EB-B7717B433612}.Release|x86.ActiveCfg = Release|Any CPU
		{EF391635-35EA-4C0F-B7EB-B7717B433612}.Release|x86.Build.0 = Release|Any CPU
		{1C13E115-1352-467B-9E6F-6790B629E676}.Debug|.NET.ActiveCfg = Debug|Any CPU
		{1C13E115-1352-467B-9E6F-6790B629E676}.Debug|.NET.Build.0 = Debug|Any CPU
		{1C13E115-1352-467B-9E6F-6790B629E676}.Debug|Any CPU.ActiveCfg = Debug|Any CPU
		{1C13E115-1352-467B-9E6F-6790B629E676}.Debug|Any CPU.Build.0 = Debug|Any CPU
		{1C13E115-1352-467B-9E6F-6790B629E676}.Debug|Mixed Platforms.ActiveCfg = Debug|Any CPU
		{1C13E115-1352-467B-9E6F-6790B629E676}.Debug|Mixed Platforms.Build.0 = Debug|Any CPU
		{1C13E115-1352-467B-9E6F-6790B629E676}.Debug|x64.ActiveCfg = Debug|Any CPU
		{1C13E115-1352-467B-9E6F-6790B629E676}.Debug|x64.Build.0 = Debug|Any CPU
		{1C13E115-1352-467B-9E6F-6790B629E676}.Debug|x86.ActiveCfg = Debug|Any CPU
		{1C13E115-1352-467B-9E6F-6790B629E676}.Debug|x86.Build.0 = Debug|Any CPU
		{1C13E115-1352-467B-9E6F-6790B629E676}.Release|.NET.ActiveCfg = Release|Any CPU
		{1C13E115-1352-467B-9E6F-6790B629E676}.Release|.NET.Build.0 = Release|Any CPU
		{1C13E115-1352-467B-9E6F-6790B629E676}.Release|Any CPU.ActiveCfg = Release|Any CPU
		{1C13E115-1352-467B-9E6F-6790B629E676}.Release|Any CPU.Build.0 = Release|Any CPU
		{1C13E115-1352-467B-9E6F-6790B629E676}.Release|Mixed Platforms.ActiveCfg = Release|Any CPU
		{1C13E115-1352-467B-9E6F-6790B629E676}.Release|Mixed Platforms.Build.0 = Release|Any CPU
		{1C13E115-1352-467B-9E6F-6790B629E676}.Release|x64.ActiveCfg = Release|Any CPU
		{1C13E115-1352-467B-9E6F-6790B629E676}.Release|x64.Build.0 = Release|Any CPU
		{1C13E115-1352-467B-9E6F-6790B629E676}.Release|x86.ActiveCfg = Release|Any CPU
		{1C13E115-1352-467B-9E6F-6790B629E676}.Release|x86.Build.0 = Release|Any CPU
		{3F081B0A-589B-400D-BC9C-E40D7D9972D2}.Debug|.NET.ActiveCfg = Debug|Any CPU
		{3F081B0A-589B-400D-BC9C-E40D7D9972D2}.Debug|.NET.Build.0 = Debug|Any CPU
		{3F081B0A-589B-400D-BC9C-E40D7D9972D2}.Debug|Any CPU.ActiveCfg = Debug|Any CPU
		{3F081B0A-589B-400D-BC9C-E40D7D9972D2}.Debug|Any CPU.Build.0 = Debug|Any CPU
		{3F081B0A-589B-400D-BC9C-E40D7D9972D2}.Debug|Mixed Platforms.ActiveCfg = Debug|Any CPU
		{3F081B0A-589B-400D-BC9C-E40D7D9972D2}.Debug|Mixed Platforms.Build.0 = Debug|Any CPU
		{3F081B0A-589B-400D-BC9C-E40D7D9972D2}.Debug|x64.ActiveCfg = Debug|Any CPU
		{3F081B0A-589B-400D-BC9C-E40D7D9972D2}.Debug|x64.Build.0 = Debug|Any CPU
		{3F081B0A-589B-400D-BC9C-E40D7D9972D2}.Debug|x86.ActiveCfg = Debug|Any CPU
		{3F081B0A-589B-400D-BC9C-E40D7D9972D2}.Debug|x86.Build.0 = Debug|Any CPU
		{3F081B0A-589B-400D-BC9C-E40D7D9972D2}.Release|.NET.ActiveCfg = Release|Any CPU
		{3F081B0A-589B-400D-BC9C-E40D7D9972D2}.Release|.NET.Build.0 = Release|Any CPU
		{3F081B0A-589B-400D-BC9C-E40D7D9972D2}.Release|Any CPU.ActiveCfg = Release|Any CPU
		{3F081B0A-589B-400D-BC9C-E40D7D9972D2}.Release|Any CPU.Build.0 = Release|Any CPU
		{3F081B0A-589B-400D-BC9C-E40D7D9972D2}.Release|Mixed Platforms.ActiveCfg = Release|Any CPU
		{3F081B0A-589B-400D-BC9C-E40D7D9972D2}.Release|Mixed Platforms.Build.0 = Release|Any CPU
		{3F081B0A-589B-400D-BC9C-E40D7D9972D2}.Release|x64.ActiveCfg = Release|Any CPU
		{3F081B0A-589B-400D-BC9C-E40D7D9972D2}.Release|x64.Build.0 = Release|Any CPU
		{3F081B0A-589B-400D-BC9C-E40D7D9972D2}.Release|x86.ActiveCfg = Release|Any CPU
		{3F081B0A-589B-400D-BC9C-E40D7D9972D2}.Release|x86.Build.0 = Release|Any CPU
		{F5E1738F-8FFD-453C-8AB9-22A861136409}.Debug|.NET.ActiveCfg = Debug|Any CPU
		{F5E1738F-8FFD-453C-8AB9-22A861136409}.Debug|.NET.Build.0 = Debug|Any CPU
		{F5E1738F-8FFD-453C-8AB9-22A861136409}.Debug|Any CPU.ActiveCfg = Debug|Any CPU
		{F5E1738F-8FFD-453C-8AB9-22A861136409}.Debug|Any CPU.Build.0 = Debug|Any CPU
		{F5E1738F-8FFD-453C-8AB9-22A861136409}.Debug|Mixed Platforms.ActiveCfg = Debug|Any CPU
		{F5E1738F-8FFD-453C-8AB9-22A861136409}.Debug|Mixed Platforms.Build.0 = Debug|Any CPU
		{F5E1738F-8FFD-453C-8AB9-22A861136409}.Debug|x64.ActiveCfg = Debug|Any CPU
		{F5E1738F-8FFD-453C-8AB9-22A861136409}.Debug|x64.Build.0 = Debug|Any CPU
		{F5E1738F-8FFD-453C-8AB9-22A861136409}.Debug|x86.ActiveCfg = Debug|Any CPU
		{F5E1738F-8FFD-453C-8AB9-22A861136409}.Debug|x86.Build.0 = Debug|Any CPU
		{F5E1738F-8FFD-453C-8AB9-22A861136409}.Release|.NET.ActiveCfg = Release|Any CPU
		{F5E1738F-8FFD-453C-8AB9-22A861136409}.Release|.NET.Build.0 = Release|Any CPU
		{F5E1738F-8FFD-453C-8AB9-22A861136409}.Release|Any CPU.ActiveCfg = Release|Any CPU
		{F5E1738F-8FFD-453C-8AB9-22A861136409}.Release|Any CPU.Build.0 = Release|Any CPU
		{F5E1738F-8FFD-453C-8AB9-22A861136409}.Release|Mixed Platforms.ActiveCfg = Release|Any CPU
		{F5E1738F-8FFD-453C-8AB9-22A861136409}.Release|Mixed Platforms.Build.0 = Release|Any CPU
		{F5E1738F-8FFD-453C-8AB9-22A861136409}.Release|x64.ActiveCfg = Release|Any CPU
		{F5E1738F-8FFD-453C-8AB9-22A861136409}.Release|x64.Build.0 = Release|Any CPU
		{F5E1738F-8FFD-453C-8AB9-22A861136409}.Release|x86.ActiveCfg = Release|Any CPU
		{F5E1738F-8FFD-453C-8AB9-22A861136409}.Release|x86.Build.0 = Release|Any CPU
		{32CC9943-05E9-4F65-9290-7E49A035D0F2}.Debug|.NET.ActiveCfg = Debug|Any CPU
		{32CC9943-05E9-4F65-9290-7E49A035D0F2}.Debug|.NET.Build.0 = Debug|Any CPU
		{32CC9943-05E9-4F65-9290-7E49A035D0F2}.Debug|Any CPU.ActiveCfg = Debug|Any CPU
		{32CC9943-05E9-4F65-9290-7E49A035D0F2}.Debug|Any CPU.Build.0 = Debug|Any CPU
		{32CC9943-05E9-4F65-9290-7E49A035D0F2}.Debug|Mixed Platforms.ActiveCfg = Debug|Any CPU
		{32CC9943-05E9-4F65-9290-7E49A035D0F2}.Debug|Mixed Platforms.Build.0 = Debug|Any CPU
		{32CC9943-05E9-4F65-9290-7E49A035D0F2}.Debug|x64.ActiveCfg = Debug|Any CPU
		{32CC9943-05E9-4F65-9290-7E49A035D0F2}.Debug|x64.Build.0 = Debug|Any CPU
		{32CC9943-05E9-4F65-9290-7E49A035D0F2}.Debug|x86.ActiveCfg = Debug|Any CPU
		{32CC9943-05E9-4F65-9290-7E49A035D0F2}.Debug|x86.Build.0 = Debug|Any CPU
		{32CC9943-05E9-4F65-9290-7E49A035D0F2}.Release|.NET.ActiveCfg = Release|Any CPU
		{32CC9943-05E9-4F65-9290-7E49A035D0F2}.Release|.NET.Build.0 = Release|Any CPU
		{32CC9943-05E9-4F65-9290-7E49A035D0F2}.Release|Any CPU.ActiveCfg = Release|Any CPU
		{32CC9943-05E9-4F65-9290-7E49A035D0F2}.Release|Any CPU.Build.0 = Release|Any CPU
		{32CC9943-05E9-4F65-9290-7E49A035D0F2}.Release|Mixed Platforms.ActiveCfg = Release|Any CPU
		{32CC9943-05E9-4F65-9290-7E49A035D0F2}.Release|Mixed Platforms.Build.0 = Release|Any CPU
		{32CC9943-05E9-4F65-9290-7E49A035D0F2}.Release|x64.ActiveCfg = Release|Any CPU
		{32CC9943-05E9-4F65-9290-7E49A035D0F2}.Release|x64.Build.0 = Release|Any CPU
		{32CC9943-05E9-4F65-9290-7E49A035D0F2}.Release|x86.ActiveCfg = Release|Any CPU
		{32CC9943-05E9-4F65-9290-7E49A035D0F2}.Release|x86.Build.0 = Release|Any CPU
		{5C67462A-075D-43CF-A9FD-8D21A0E58D75}.Debug|.NET.ActiveCfg = Debug|Any CPU
		{5C67462A-075D-43CF-A9FD-8D21A0E58D75}.Debug|.NET.Build.0 = Debug|Any CPU
		{5C67462A-075D-43CF-A9FD-8D21A0E58D75}.Debug|Any CPU.ActiveCfg = Debug|Any CPU
		{5C67462A-075D-43CF-A9FD-8D21A0E58D75}.Debug|Any CPU.Build.0 = Debug|Any CPU
		{5C67462A-075D-43CF-A9FD-8D21A0E58D75}.Debug|Mixed Platforms.ActiveCfg = Debug|Any CPU
		{5C67462A-075D-43CF-A9FD-8D21A0E58D75}.Debug|Mixed Platforms.Build.0 = Debug|Any CPU
		{5C67462A-075D-43CF-A9FD-8D21A0E58D75}.Debug|x64.ActiveCfg = Debug|Any CPU
		{5C67462A-075D-43CF-A9FD-8D21A0E58D75}.Debug|x64.Build.0 = Debug|Any CPU
		{5C67462A-075D-43CF-A9FD-8D21A0E58D75}.Debug|x86.ActiveCfg = Debug|Any CPU
		{5C67462A-075D-43CF-A9FD-8D21A0E58D75}.Debug|x86.Build.0 = Debug|Any CPU
		{5C67462A-075D-43CF-A9FD-8D21A0E58D75}.Release|.NET.ActiveCfg = Release|Any CPU
		{5C67462A-075D-43CF-A9FD-8D21A0E58D75}.Release|.NET.Build.0 = Release|Any CPU
		{5C67462A-075D-43CF-A9FD-8D21A0E58D75}.Release|Any CPU.ActiveCfg = Release|Any CPU
		{5C67462A-075D-43CF-A9FD-8D21A0E58D75}.Release|Any CPU.Build.0 = Release|Any CPU
		{5C67462A-075D-43CF-A9FD-8D21A0E58D75}.Release|Mixed Platforms.ActiveCfg = Release|Any CPU
		{5C67462A-075D-43CF-A9FD-8D21A0E58D75}.Release|Mixed Platforms.Build.0 = Release|Any CPU
		{5C67462A-075D-43CF-A9FD-8D21A0E58D75}.Release|x64.ActiveCfg = Release|Any CPU
		{5C67462A-075D-43CF-A9FD-8D21A0E58D75}.Release|x64.Build.0 = Release|Any CPU
		{5C67462A-075D-43CF-A9FD-8D21A0E58D75}.Release|x86.ActiveCfg = Release|Any CPU
		{5C67462A-075D-43CF-A9FD-8D21A0E58D75}.Release|x86.Build.0 = Release|Any CPU
		{E35B3213-A6F4-4DD0-AB77-379240D6E6C1}.Debug|.NET.ActiveCfg = Debug|Any CPU
		{E35B3213-A6F4-4DD0-AB77-379240D6E6C1}.Debug|.NET.Build.0 = Debug|Any CPU
		{E35B3213-A6F4-4DD0-AB77-379240D6E6C1}.Debug|Any CPU.ActiveCfg = Debug|Any CPU
		{E35B3213-A6F4-4DD0-AB77-379240D6E6C1}.Debug|Any CPU.Build.0 = Debug|Any CPU
		{E35B3213-A6F4-4DD0-AB77-379240D6E6C1}.Debug|Mixed Platforms.ActiveCfg = Debug|Any CPU
		{E35B3213-A6F4-4DD0-AB77-379240D6E6C1}.Debug|Mixed Platforms.Build.0 = Debug|Any CPU
		{E35B3213-A6F4-4DD0-AB77-379240D6E6C1}.Debug|x64.ActiveCfg = Debug|Any CPU
		{E35B3213-A6F4-4DD0-AB77-379240D6E6C1}.Debug|x64.Build.0 = Debug|Any CPU
		{E35B3213-A6F4-4DD0-AB77-379240D6E6C1}.Debug|x86.ActiveCfg = Debug|Any CPU
		{E35B3213-A6F4-4DD0-AB77-379240D6E6C1}.Debug|x86.Build.0 = Debug|Any CPU
		{E35B3213-A6F4-4DD0-AB77-379240D6E6C1}.Release|.NET.ActiveCfg = Release|Any CPU
		{E35B3213-A6F4-4DD0-AB77-379240D6E6C1}.Release|.NET.Build.0 = Release|Any CPU
		{E35B3213-A6F4-4DD0-AB77-379240D6E6C1}.Release|Any CPU.ActiveCfg = Release|Any CPU
		{E35B3213-A6F4-4DD0-AB77-379240D6E6C1}.Release|Any CPU.Build.0 = Release|Any CPU
		{E35B3213-A6F4-4DD0-AB77-379240D6E6C1}.Release|Mixed Platforms.ActiveCfg = Release|Any CPU
		{E35B3213-A6F4-4DD0-AB77-379240D6E6C1}.Release|Mixed Platforms.Build.0 = Release|Any CPU
		{E35B3213-A6F4-4DD0-AB77-379240D6E6C1}.Release|x64.ActiveCfg = Release|Any CPU
		{E35B3213-A6F4-4DD0-AB77-379240D6E6C1}.Release|x64.Build.0 = Release|Any CPU
		{E35B3213-A6F4-4DD0-AB77-379240D6E6C1}.Release|x86.ActiveCfg = Release|Any CPU
		{E35B3213-A6F4-4DD0-AB77-379240D6E6C1}.Release|x86.Build.0 = Release|Any CPU
		{48957C0F-6C79-4F49-92C7-B7D6E701CB8B}.Debug|.NET.ActiveCfg = Debug|Any CPU
		{48957C0F-6C79-4F49-92C7-B7D6E701CB8B}.Debug|.NET.Build.0 = Debug|Any CPU
		{48957C0F-6C79-4F49-92C7-B7D6E701CB8B}.Debug|Any CPU.ActiveCfg = Debug|Any CPU
		{48957C0F-6C79-4F49-92C7-B7D6E701CB8B}.Debug|Any CPU.Build.0 = Debug|Any CPU
		{48957C0F-6C79-4F49-92C7-B7D6E701CB8B}.Debug|Mixed Platforms.ActiveCfg = Debug|Any CPU
		{48957C0F-6C79-4F49-92C7-B7D6E701CB8B}.Debug|Mixed Platforms.Build.0 = Debug|Any CPU
		{48957C0F-6C79-4F49-92C7-B7D6E701CB8B}.Debug|x64.ActiveCfg = Debug|Any CPU
		{48957C0F-6C79-4F49-92C7-B7D6E701CB8B}.Debug|x64.Build.0 = Debug|Any CPU
		{48957C0F-6C79-4F49-92C7-B7D6E701CB8B}.Debug|x86.ActiveCfg = Debug|Any CPU
		{48957C0F-6C79-4F49-92C7-B7D6E701CB8B}.Debug|x86.Build.0 = Debug|Any CPU
		{48957C0F-6C79-4F49-92C7-B7D6E701CB8B}.Release|.NET.ActiveCfg = Release|Any CPU
		{48957C0F-6C79-4F49-92C7-B7D6E701CB8B}.Release|.NET.Build.0 = Release|Any CPU
		{48957C0F-6C79-4F49-92C7-B7D6E701CB8B}.Release|Any CPU.ActiveCfg = Release|Any CPU
		{48957C0F-6C79-4F49-92C7-B7D6E701CB8B}.Release|Any CPU.Build.0 = Release|Any CPU
		{48957C0F-6C79-4F49-92C7-B7D6E701CB8B}.Release|Mixed Platforms.ActiveCfg = Release|Any CPU
		{48957C0F-6C79-4F49-92C7-B7D6E701CB8B}.Release|Mixed Platforms.Build.0 = Release|Any CPU
		{48957C0F-6C79-4F49-92C7-B7D6E701CB8B}.Release|x64.ActiveCfg = Release|Any CPU
		{48957C0F-6C79-4F49-92C7-B7D6E701CB8B}.Release|x64.Build.0 = Release|Any CPU
		{48957C0F-6C79-4F49-92C7-B7D6E701CB8B}.Release|x86.ActiveCfg = Release|Any CPU
		{48957C0F-6C79-4F49-92C7-B7D6E701CB8B}.Release|x86.Build.0 = Release|Any CPU
		{00018274-87AE-4A78-B452-E4FEDFDAAA10}.Debug|.NET.ActiveCfg = Debug|Any CPU
		{00018274-87AE-4A78-B452-E4FEDFDAAA10}.Debug|.NET.Build.0 = Debug|Any CPU
		{00018274-87AE-4A78-B452-E4FEDFDAAA10}.Debug|Any CPU.ActiveCfg = Debug|Any CPU
		{00018274-87AE-4A78-B452-E4FEDFDAAA10}.Debug|Any CPU.Build.0 = Debug|Any CPU
		{00018274-87AE-4A78-B452-E4FEDFDAAA10}.Debug|Mixed Platforms.ActiveCfg = Debug|Any CPU
		{00018274-87AE-4A78-B452-E4FEDFDAAA10}.Debug|Mixed Platforms.Build.0 = Debug|Any CPU
		{00018274-87AE-4A78-B452-E4FEDFDAAA10}.Debug|x64.ActiveCfg = Debug|Any CPU
		{00018274-87AE-4A78-B452-E4FEDFDAAA10}.Debug|x64.Build.0 = Debug|Any CPU
		{00018274-87AE-4A78-B452-E4FEDFDAAA10}.Debug|x86.ActiveCfg = Debug|Any CPU
		{00018274-87AE-4A78-B452-E4FEDFDAAA10}.Debug|x86.Build.0 = Debug|Any CPU
		{00018274-87AE-4A78-B452-E4FEDFDAAA10}.Release|.NET.ActiveCfg = Release|Any CPU
		{00018274-87AE-4A78-B452-E4FEDFDAAA10}.Release|.NET.Build.0 = Release|Any CPU
		{00018274-87AE-4A78-B452-E4FEDFDAAA10}.Release|Any CPU.ActiveCfg = Release|Any CPU
		{00018274-87AE-4A78-B452-E4FEDFDAAA10}.Release|Any CPU.Build.0 = Release|Any CPU
		{00018274-87AE-4A78-B452-E4FEDFDAAA10}.Release|Mixed Platforms.ActiveCfg = Release|Any CPU
		{00018274-87AE-4A78-B452-E4FEDFDAAA10}.Release|Mixed Platforms.Build.0 = Release|Any CPU
		{00018274-87AE-4A78-B452-E4FEDFDAAA10}.Release|x64.ActiveCfg = Release|Any CPU
		{00018274-87AE-4A78-B452-E4FEDFDAAA10}.Release|x64.Build.0 = Release|Any CPU
		{00018274-87AE-4A78-B452-E4FEDFDAAA10}.Release|x86.ActiveCfg = Release|Any CPU
		{00018274-87AE-4A78-B452-E4FEDFDAAA10}.Release|x86.Build.0 = Release|Any CPU
		{5AF6441A-7ABF-4491-815B-51D111A2AECE}.Debug|.NET.ActiveCfg = Debug|Any CPU
		{5AF6441A-7ABF-4491-815B-51D111A2AECE}.Debug|.NET.Build.0 = Debug|Any CPU
		{5AF6441A-7ABF-4491-815B-51D111A2AECE}.Debug|Any CPU.ActiveCfg = Debug|Any CPU
		{5AF6441A-7ABF-4491-815B-51D111A2AECE}.Debug|Any CPU.Build.0 = Debug|Any CPU
		{5AF6441A-7ABF-4491-815B-51D111A2AECE}.Debug|Mixed Platforms.ActiveCfg = Debug|Any CPU
		{5AF6441A-7ABF-4491-815B-51D111A2AECE}.Debug|Mixed Platforms.Build.0 = Debug|Any CPU
		{5AF6441A-7ABF-4491-815B-51D111A2AECE}.Debug|x64.ActiveCfg = Debug|Any CPU
		{5AF6441A-7ABF-4491-815B-51D111A2AECE}.Debug|x64.Build.0 = Debug|Any CPU
		{5AF6441A-7ABF-4491-815B-51D111A2AECE}.Debug|x86.ActiveCfg = Debug|Any CPU
		{5AF6441A-7ABF-4491-815B-51D111A2AECE}.Debug|x86.Build.0 = Debug|Any CPU
		{5AF6441A-7ABF-4491-815B-51D111A2AECE}.Release|.NET.ActiveCfg = Release|Any CPU
		{5AF6441A-7ABF-4491-815B-51D111A2AECE}.Release|.NET.Build.0 = Release|Any CPU
		{5AF6441A-7ABF-4491-815B-51D111A2AECE}.Release|Any CPU.ActiveCfg = Release|Any CPU
		{5AF6441A-7ABF-4491-815B-51D111A2AECE}.Release|Any CPU.Build.0 = Release|Any CPU
		{5AF6441A-7ABF-4491-815B-51D111A2AECE}.Release|Mixed Platforms.ActiveCfg = Release|Any CPU
		{5AF6441A-7ABF-4491-815B-51D111A2AECE}.Release|Mixed Platforms.Build.0 = Release|Any CPU
		{5AF6441A-7ABF-4491-815B-51D111A2AECE}.Release|x64.ActiveCfg = Release|Any CPU
		{5AF6441A-7ABF-4491-815B-51D111A2AECE}.Release|x64.Build.0 = Release|Any CPU
		{5AF6441A-7ABF-4491-815B-51D111A2AECE}.Release|x86.ActiveCfg = Release|Any CPU
		{5AF6441A-7ABF-4491-815B-51D111A2AECE}.Release|x86.Build.0 = Release|Any CPU
		{43F122DB-B919-4D3D-80BD-B272968A0CE0}.Debug|.NET.ActiveCfg = Debug|Any CPU
		{43F122DB-B919-4D3D-80BD-B272968A0CE0}.Debug|.NET.Build.0 = Debug|Any CPU
		{43F122DB-B919-4D3D-80BD-B272968A0CE0}.Debug|Any CPU.ActiveCfg = Debug|Any CPU
		{43F122DB-B919-4D3D-80BD-B272968A0CE0}.Debug|Any CPU.Build.0 = Debug|Any CPU
		{43F122DB-B919-4D3D-80BD-B272968A0CE0}.Debug|Mixed Platforms.ActiveCfg = Debug|Any CPU
		{43F122DB-B919-4D3D-80BD-B272968A0CE0}.Debug|Mixed Platforms.Build.0 = Debug|Any CPU
		{43F122DB-B919-4D3D-80BD-B272968A0CE0}.Debug|x64.ActiveCfg = Debug|Any CPU
		{43F122DB-B919-4D3D-80BD-B272968A0CE0}.Debug|x64.Build.0 = Debug|Any CPU
		{43F122DB-B919-4D3D-80BD-B272968A0CE0}.Debug|x86.ActiveCfg = Debug|Any CPU
		{43F122DB-B919-4D3D-80BD-B272968A0CE0}.Debug|x86.Build.0 = Debug|Any CPU
		{43F122DB-B919-4D3D-80BD-B272968A0CE0}.Release|.NET.ActiveCfg = Release|Any CPU
		{43F122DB-B919-4D3D-80BD-B272968A0CE0}.Release|.NET.Build.0 = Release|Any CPU
		{43F122DB-B919-4D3D-80BD-B272968A0CE0}.Release|Any CPU.ActiveCfg = Release|Any CPU
		{43F122DB-B919-4D3D-80BD-B272968A0CE0}.Release|Any CPU.Build.0 = Release|Any CPU
		{43F122DB-B919-4D3D-80BD-B272968A0CE0}.Release|Mixed Platforms.ActiveCfg = Release|Any CPU
		{43F122DB-B919-4D3D-80BD-B272968A0CE0}.Release|Mixed Platforms.Build.0 = Release|Any CPU
		{43F122DB-B919-4D3D-80BD-B272968A0CE0}.Release|x64.ActiveCfg = Release|Any CPU
		{43F122DB-B919-4D3D-80BD-B272968A0CE0}.Release|x64.Build.0 = Release|Any CPU
		{43F122DB-B919-4D3D-80BD-B272968A0CE0}.Release|x86.ActiveCfg = Release|Any CPU
		{43F122DB-B919-4D3D-80BD-B272968A0CE0}.Release|x86.Build.0 = Release|Any CPU
		{C0EF0208-F63C-412E-AE35-9DEFC9DEF884}.Debug|.NET.ActiveCfg = Debug|Any CPU
		{C0EF0208-F63C-412E-AE35-9DEFC9DEF884}.Debug|.NET.Build.0 = Debug|Any CPU
		{C0EF0208-F63C-412E-AE35-9DEFC9DEF884}.Debug|Any CPU.ActiveCfg = Debug|Any CPU
		{C0EF0208-F63C-412E-AE35-9DEFC9DEF884}.Debug|Any CPU.Build.0 = Debug|Any CPU
		{C0EF0208-F63C-412E-AE35-9DEFC9DEF884}.Debug|Mixed Platforms.ActiveCfg = Debug|Any CPU
		{C0EF0208-F63C-412E-AE35-9DEFC9DEF884}.Debug|Mixed Platforms.Build.0 = Debug|Any CPU
		{C0EF0208-F63C-412E-AE35-9DEFC9DEF884}.Debug|x64.ActiveCfg = Debug|Any CPU
		{C0EF0208-F63C-412E-AE35-9DEFC9DEF884}.Debug|x64.Build.0 = Debug|Any CPU
		{C0EF0208-F63C-412E-AE35-9DEFC9DEF884}.Debug|x86.ActiveCfg = Debug|Any CPU
		{C0EF0208-F63C-412E-AE35-9DEFC9DEF884}.Debug|x86.Build.0 = Debug|Any CPU
		{C0EF0208-F63C-412E-AE35-9DEFC9DEF884}.Release|.NET.ActiveCfg = Release|Any CPU
		{C0EF0208-F63C-412E-AE35-9DEFC9DEF884}.Release|.NET.Build.0 = Release|Any CPU
		{C0EF0208-F63C-412E-AE35-9DEFC9DEF884}.Release|Any CPU.ActiveCfg = Release|Any CPU
		{C0EF0208-F63C-412E-AE35-9DEFC9DEF884}.Release|Any CPU.Build.0 = Release|Any CPU
		{C0EF0208-F63C-412E-AE35-9DEFC9DEF884}.Release|Mixed Platforms.ActiveCfg = Release|Any CPU
		{C0EF0208-F63C-412E-AE35-9DEFC9DEF884}.Release|Mixed Platforms.Build.0 = Release|Any CPU
		{C0EF0208-F63C-412E-AE35-9DEFC9DEF884}.Release|x64.ActiveCfg = Release|Any CPU
		{C0EF0208-F63C-412E-AE35-9DEFC9DEF884}.Release|x64.Build.0 = Release|Any CPU
		{C0EF0208-F63C-412E-AE35-9DEFC9DEF884}.Release|x86.ActiveCfg = Release|Any CPU
		{C0EF0208-F63C-412E-AE35-9DEFC9DEF884}.Release|x86.Build.0 = Release|Any CPU
		{EBBA034A-6F5D-4EF6-AEED-C94DEFC8E2AD}.Debug|.NET.ActiveCfg = Debug|Any CPU
		{EBBA034A-6F5D-4EF6-AEED-C94DEFC8E2AD}.Debug|.NET.Build.0 = Debug|Any CPU
		{EBBA034A-6F5D-4EF6-AEED-C94DEFC8E2AD}.Debug|Any CPU.ActiveCfg = Debug|Any CPU
		{EBBA034A-6F5D-4EF6-AEED-C94DEFC8E2AD}.Debug|Any CPU.Build.0 = Debug|Any CPU
		{EBBA034A-6F5D-4EF6-AEED-C94DEFC8E2AD}.Debug|Mixed Platforms.ActiveCfg = Debug|Any CPU
		{EBBA034A-6F5D-4EF6-AEED-C94DEFC8E2AD}.Debug|Mixed Platforms.Build.0 = Debug|Any CPU
		{EBBA034A-6F5D-4EF6-AEED-C94DEFC8E2AD}.Debug|x64.ActiveCfg = Debug|Any CPU
		{EBBA034A-6F5D-4EF6-AEED-C94DEFC8E2AD}.Debug|x64.Build.0 = Debug|Any CPU
		{EBBA034A-6F5D-4EF6-AEED-C94DEFC8E2AD}.Debug|x86.ActiveCfg = Debug|Any CPU
		{EBBA034A-6F5D-4EF6-AEED-C94DEFC8E2AD}.Debug|x86.Build.0 = Debug|Any CPU
		{EBBA034A-6F5D-4EF6-AEED-C94DEFC8E2AD}.Release|.NET.ActiveCfg = Release|Any CPU
		{EBBA034A-6F5D-4EF6-AEED-C94DEFC8E2AD}.Release|.NET.Build.0 = Release|Any CPU
		{EBBA034A-6F5D-4EF6-AEED-C94DEFC8E2AD}.Release|Any CPU.ActiveCfg = Release|Any CPU
		{EBBA034A-6F5D-4EF6-AEED-C94DEFC8E2AD}.Release|Any CPU.Build.0 = Release|Any CPU
		{EBBA034A-6F5D-4EF6-AEED-C94DEFC8E2AD}.Release|Mixed Platforms.ActiveCfg = Release|Any CPU
		{EBBA034A-6F5D-4EF6-AEED-C94DEFC8E2AD}.Release|Mixed Platforms.Build.0 = Release|Any CPU
		{EBBA034A-6F5D-4EF6-AEED-C94DEFC8E2AD}.Release|x64.ActiveCfg = Release|Any CPU
		{EBBA034A-6F5D-4EF6-AEED-C94DEFC8E2AD}.Release|x64.Build.0 = Release|Any CPU
		{EBBA034A-6F5D-4EF6-AEED-C94DEFC8E2AD}.Release|x86.ActiveCfg = Release|Any CPU
		{EBBA034A-6F5D-4EF6-AEED-C94DEFC8E2AD}.Release|x86.Build.0 = Release|Any CPU
		{716FE2A4-662D-4656-85DC-7B641293ED8A}.Debug|.NET.ActiveCfg = Debug|Any CPU
		{716FE2A4-662D-4656-85DC-7B641293ED8A}.Debug|.NET.Build.0 = Debug|Any CPU
		{716FE2A4-662D-4656-85DC-7B641293ED8A}.Debug|Any CPU.ActiveCfg = Debug|Any CPU
		{716FE2A4-662D-4656-85DC-7B641293ED8A}.Debug|Any CPU.Build.0 = Debug|Any CPU
		{716FE2A4-662D-4656-85DC-7B641293ED8A}.Debug|Mixed Platforms.ActiveCfg = Debug|Any CPU
		{716FE2A4-662D-4656-85DC-7B641293ED8A}.Debug|Mixed Platforms.Build.0 = Debug|Any CPU
		{716FE2A4-662D-4656-85DC-7B641293ED8A}.Debug|x64.ActiveCfg = Debug|Any CPU
		{716FE2A4-662D-4656-85DC-7B641293ED8A}.Debug|x64.Build.0 = Debug|Any CPU
		{716FE2A4-662D-4656-85DC-7B641293ED8A}.Debug|x86.ActiveCfg = Debug|Any CPU
		{716FE2A4-662D-4656-85DC-7B641293ED8A}.Debug|x86.Build.0 = Debug|Any CPU
		{716FE2A4-662D-4656-85DC-7B641293ED8A}.Release|.NET.ActiveCfg = Release|Any CPU
		{716FE2A4-662D-4656-85DC-7B641293ED8A}.Release|.NET.Build.0 = Release|Any CPU
		{716FE2A4-662D-4656-85DC-7B641293ED8A}.Release|Any CPU.ActiveCfg = Release|Any CPU
		{716FE2A4-662D-4656-85DC-7B641293ED8A}.Release|Any CPU.Build.0 = Release|Any CPU
		{716FE2A4-662D-4656-85DC-7B641293ED8A}.Release|Mixed Platforms.ActiveCfg = Release|Any CPU
		{716FE2A4-662D-4656-85DC-7B641293ED8A}.Release|Mixed Platforms.Build.0 = Release|Any CPU
		{716FE2A4-662D-4656-85DC-7B641293ED8A}.Release|x64.ActiveCfg = Release|Any CPU
		{716FE2A4-662D-4656-85DC-7B641293ED8A}.Release|x64.Build.0 = Release|Any CPU
		{716FE2A4-662D-4656-85DC-7B641293ED8A}.Release|x86.ActiveCfg = Release|Any CPU
		{716FE2A4-662D-4656-85DC-7B641293ED8A}.Release|x86.Build.0 = Release|Any CPU
		{8E005B84-0DF4-46E8-917B-31AC6947ED53}.Debug|.NET.ActiveCfg = Debug|Any CPU
		{8E005B84-0DF4-46E8-917B-31AC6947ED53}.Debug|.NET.Build.0 = Debug|Any CPU
		{8E005B84-0DF4-46E8-917B-31AC6947ED53}.Debug|Any CPU.ActiveCfg = Debug|Any CPU
		{8E005B84-0DF4-46E8-917B-31AC6947ED53}.Debug|Any CPU.Build.0 = Debug|Any CPU
		{8E005B84-0DF4-46E8-917B-31AC6947ED53}.Debug|Mixed Platforms.ActiveCfg = Debug|Any CPU
		{8E005B84-0DF4-46E8-917B-31AC6947ED53}.Debug|Mixed Platforms.Build.0 = Debug|Any CPU
		{8E005B84-0DF4-46E8-917B-31AC6947ED53}.Debug|x64.ActiveCfg = Debug|Any CPU
		{8E005B84-0DF4-46E8-917B-31AC6947ED53}.Debug|x64.Build.0 = Debug|Any CPU
		{8E005B84-0DF4-46E8-917B-31AC6947ED53}.Debug|x86.ActiveCfg = Debug|Any CPU
		{8E005B84-0DF4-46E8-917B-31AC6947ED53}.Debug|x86.Build.0 = Debug|Any CPU
		{8E005B84-0DF4-46E8-917B-31AC6947ED53}.Release|.NET.ActiveCfg = Release|Any CPU
		{8E005B84-0DF4-46E8-917B-31AC6947ED53}.Release|.NET.Build.0 = Release|Any CPU
		{8E005B84-0DF4-46E8-917B-31AC6947ED53}.Release|Any CPU.ActiveCfg = Release|Any CPU
		{8E005B84-0DF4-46E8-917B-31AC6947ED53}.Release|Any CPU.Build.0 = Release|Any CPU
		{8E005B84-0DF4-46E8-917B-31AC6947ED53}.Release|Mixed Platforms.ActiveCfg = Release|Any CPU
		{8E005B84-0DF4-46E8-917B-31AC6947ED53}.Release|Mixed Platforms.Build.0 = Release|Any CPU
		{8E005B84-0DF4-46E8-917B-31AC6947ED53}.Release|x64.ActiveCfg = Release|Any CPU
		{8E005B84-0DF4-46E8-917B-31AC6947ED53}.Release|x64.Build.0 = Release|Any CPU
		{8E005B84-0DF4-46E8-917B-31AC6947ED53}.Release|x86.ActiveCfg = Release|Any CPU
		{8E005B84-0DF4-46E8-917B-31AC6947ED53}.Release|x86.Build.0 = Release|Any CPU
		{EF8CAFAA-4E15-4D5D-9A08-B5FF53431402}.Debug|.NET.ActiveCfg = Debug|Any CPU
		{EF8CAFAA-4E15-4D5D-9A08-B5FF53431402}.Debug|.NET.Build.0 = Debug|Any CPU
		{EF8CAFAA-4E15-4D5D-9A08-B5FF53431402}.Debug|Any CPU.ActiveCfg = Debug|Any CPU
		{EF8CAFAA-4E15-4D5D-9A08-B5FF53431402}.Debug|Any CPU.Build.0 = Debug|Any CPU
		{EF8CAFAA-4E15-4D5D-9A08-B5FF53431402}.Debug|Mixed Platforms.ActiveCfg = Debug|Any CPU
		{EF8CAFAA-4E15-4D5D-9A08-B5FF53431402}.Debug|Mixed Platforms.Build.0 = Debug|Any CPU
		{EF8CAFAA-4E15-4D5D-9A08-B5FF53431402}.Debug|x64.ActiveCfg = Debug|Any CPU
		{EF8CAFAA-4E15-4D5D-9A08-B5FF53431402}.Debug|x64.Build.0 = Debug|Any CPU
		{EF8CAFAA-4E15-4D5D-9A08-B5FF53431402}.Debug|x86.ActiveCfg = Debug|Any CPU
		{EF8CAFAA-4E15-4D5D-9A08-B5FF53431402}.Debug|x86.Build.0 = Debug|Any CPU
		{EF8CAFAA-4E15-4D5D-9A08-B5FF53431402}.Release|.NET.ActiveCfg = Release|Any CPU
		{EF8CAFAA-4E15-4D5D-9A08-B5FF53431402}.Release|.NET.Build.0 = Release|Any CPU
		{EF8CAFAA-4E15-4D5D-9A08-B5FF53431402}.Release|Any CPU.ActiveCfg = Release|Any CPU
		{EF8CAFAA-4E15-4D5D-9A08-B5FF53431402}.Release|Any CPU.Build.0 = Release|Any CPU
		{EF8CAFAA-4E15-4D5D-9A08-B5FF53431402}.Release|Mixed Platforms.ActiveCfg = Release|Any CPU
		{EF8CAFAA-4E15-4D5D-9A08-B5FF53431402}.Release|Mixed Platforms.Build.0 = Release|Any CPU
		{EF8CAFAA-4E15-4D5D-9A08-B5FF53431402}.Release|x64.ActiveCfg = Release|Any CPU
		{EF8CAFAA-4E15-4D5D-9A08-B5FF53431402}.Release|x64.Build.0 = Release|Any CPU
		{EF8CAFAA-4E15-4D5D-9A08-B5FF53431402}.Release|x86.ActiveCfg = Release|Any CPU
		{EF8CAFAA-4E15-4D5D-9A08-B5FF53431402}.Release|x86.Build.0 = Release|Any CPU
		{50A28717-2566-4F20-92F4-EDA55466E0B1}.Debug|.NET.ActiveCfg = Debug|Any CPU
		{50A28717-2566-4F20-92F4-EDA55466E0B1}.Debug|.NET.Build.0 = Debug|Any CPU
		{50A28717-2566-4F20-92F4-EDA55466E0B1}.Debug|Any CPU.ActiveCfg = Debug|Any CPU
		{50A28717-2566-4F20-92F4-EDA55466E0B1}.Debug|Any CPU.Build.0 = Debug|Any CPU
		{50A28717-2566-4F20-92F4-EDA55466E0B1}.Debug|Mixed Platforms.ActiveCfg = Debug|Any CPU
		{50A28717-2566-4F20-92F4-EDA55466E0B1}.Debug|Mixed Platforms.Build.0 = Debug|Any CPU
		{50A28717-2566-4F20-92F4-EDA55466E0B1}.Debug|x64.ActiveCfg = Debug|Any CPU
		{50A28717-2566-4F20-92F4-EDA55466E0B1}.Debug|x64.Build.0 = Debug|Any CPU
		{50A28717-2566-4F20-92F4-EDA55466E0B1}.Debug|x86.ActiveCfg = Debug|Any CPU
		{50A28717-2566-4F20-92F4-EDA55466E0B1}.Debug|x86.Build.0 = Debug|Any CPU
		{50A28717-2566-4F20-92F4-EDA55466E0B1}.Release|.NET.ActiveCfg = Release|Any CPU
		{50A28717-2566-4F20-92F4-EDA55466E0B1}.Release|.NET.Build.0 = Release|Any CPU
		{50A28717-2566-4F20-92F4-EDA55466E0B1}.Release|Any CPU.ActiveCfg = Release|Any CPU
		{50A28717-2566-4F20-92F4-EDA55466E0B1}.Release|Any CPU.Build.0 = Release|Any CPU
		{50A28717-2566-4F20-92F4-EDA55466E0B1}.Release|Mixed Platforms.ActiveCfg = Release|Any CPU
		{50A28717-2566-4F20-92F4-EDA55466E0B1}.Release|Mixed Platforms.Build.0 = Release|Any CPU
		{50A28717-2566-4F20-92F4-EDA55466E0B1}.Release|x64.ActiveCfg = Release|Any CPU
		{50A28717-2566-4F20-92F4-EDA55466E0B1}.Release|x64.Build.0 = Release|Any CPU
		{50A28717-2566-4F20-92F4-EDA55466E0B1}.Release|x86.ActiveCfg = Release|Any CPU
		{50A28717-2566-4F20-92F4-EDA55466E0B1}.Release|x86.Build.0 = Release|Any CPU
		{358D21C1-A060-46D6-874D-1FBBE3E90924}.Debug|.NET.ActiveCfg = Debug|Any CPU
		{358D21C1-A060-46D6-874D-1FBBE3E90924}.Debug|.NET.Build.0 = Debug|Any CPU
		{358D21C1-A060-46D6-874D-1FBBE3E90924}.Debug|Any CPU.ActiveCfg = Debug|Any CPU
		{358D21C1-A060-46D6-874D-1FBBE3E90924}.Debug|Any CPU.Build.0 = Debug|Any CPU
		{358D21C1-A060-46D6-874D-1FBBE3E90924}.Debug|Mixed Platforms.ActiveCfg = Debug|Any CPU
		{358D21C1-A060-46D6-874D-1FBBE3E90924}.Debug|Mixed Platforms.Build.0 = Debug|Any CPU
		{358D21C1-A060-46D6-874D-1FBBE3E90924}.Debug|x64.ActiveCfg = Debug|Any CPU
		{358D21C1-A060-46D6-874D-1FBBE3E90924}.Debug|x64.Build.0 = Debug|Any CPU
		{358D21C1-A060-46D6-874D-1FBBE3E90924}.Debug|x86.ActiveCfg = Debug|Any CPU
		{358D21C1-A060-46D6-874D-1FBBE3E90924}.Debug|x86.Build.0 = Debug|Any CPU
		{358D21C1-A060-46D6-874D-1FBBE3E90924}.Release|.NET.ActiveCfg = Release|Any CPU
		{358D21C1-A060-46D6-874D-1FBBE3E90924}.Release|.NET.Build.0 = Release|Any CPU
		{358D21C1-A060-46D6-874D-1FBBE3E90924}.Release|Any CPU.ActiveCfg = Release|Any CPU
		{358D21C1-A060-46D6-874D-1FBBE3E90924}.Release|Any CPU.Build.0 = Release|Any CPU
		{358D21C1-A060-46D6-874D-1FBBE3E90924}.Release|Mixed Platforms.ActiveCfg = Release|Any CPU
		{358D21C1-A060-46D6-874D-1FBBE3E90924}.Release|Mixed Platforms.Build.0 = Release|Any CPU
		{358D21C1-A060-46D6-874D-1FBBE3E90924}.Release|x64.ActiveCfg = Release|Any CPU
		{358D21C1-A060-46D6-874D-1FBBE3E90924}.Release|x64.Build.0 = Release|Any CPU
		{358D21C1-A060-46D6-874D-1FBBE3E90924}.Release|x86.ActiveCfg = Release|Any CPU
		{358D21C1-A060-46D6-874D-1FBBE3E90924}.Release|x86.Build.0 = Release|Any CPU
	EndGlobalSection
	GlobalSection(SolutionProperties) = preSolution
		HideSolutionNode = FALSE
	EndGlobalSection
	GlobalSection(NestedProjects) = preSolution
		{40A7EC19-6A46-47DB-AA89-BA23645BCE31} = {7ACF8AEB-7BE2-4E86-AFF8-AC41C5A8DE3C}
		{6D57C611-4301-413B-A615-3E6CA504DFEE} = {7ACF8AEB-7BE2-4E86-AFF8-AC41C5A8DE3C}
		{91BC4BE8-C17E-410E-92EC-44D7CE073E95} = {7ACF8AEB-7BE2-4E86-AFF8-AC41C5A8DE3C}
		{963C757F-2155-4E6B-A27A-816D3BF70D62} = {7ACF8AEB-7BE2-4E86-AFF8-AC41C5A8DE3C}
		{708DA4C4-21E9-4467-A5C0-EC8088CD1F1C} = {7ACF8AEB-7BE2-4E86-AFF8-AC41C5A8DE3C}
		{5BA69137-30A7-4370-BA13-5E241164D9B9} = {7ACF8AEB-7BE2-4E86-AFF8-AC41C5A8DE3C}
		{F3B2CE55-F53F-4F45-94A3-3B104BD56899} = {B2E37309-D3AB-4EED-849B-6133235924B7}
		{56634EDC-2D8F-41BD-8D53-8C37645E0A98} = {B2E37309-D3AB-4EED-849B-6133235924B7}
		{19A34AB9-3D4C-4350-9C30-AB6925448F94} = {8F4B2A5F-D3EF-4E81-995F-40B13348F290}
		{52DB2A59-07F7-4405-A8F0-19F4B0A6BA4D} = {8F4B2A5F-D3EF-4E81-995F-40B13348F290}
		{652D220B-5F2E-4371-B605-CF689B1915B8} = {8F4B2A5F-D3EF-4E81-995F-40B13348F290}
		{B3B070F3-8C19-49FA-9837-0B419939B315} = {8F4B2A5F-D3EF-4E81-995F-40B13348F290}
		{5E3FBEA6-99EA-44AC-AB8F-192FA215AD23} = {C6F55941-4BC3-4A84-9E84-7B22C809DDC4}
		{FCBA4BF1-DCD5-46AC-A936-13412829E52F} = {906C9968-4AB7-4BC7-AE56-B78C6997F264}
		{34575F7A-8E53-4B9C-9848-20339D9AD13D} = {C6F55941-4BC3-4A84-9E84-7B22C809DDC4}
		{7F1D2F9B-0409-47E8-9804-7ED1089B64B6} = {D0EF96B4-2007-4550-A9EF-8AB45A47C442}
		{D88E862D-363F-4459-A23B-E2348F2542D6} = {D0EF96B4-2007-4550-A9EF-8AB45A47C442}
		{A466309A-9474-45E3-BA09-D46461DCD6CE} = {BD09E5F6-FE6C-4F3A-A388-E52359483AEE}
		{3A75F6CC-EFA5-4AF7-982C-3F62FF17EF29} = {BD09E5F6-FE6C-4F3A-A388-E52359483AEE}
		{EF391635-35EA-4C0F-B7EB-B7717B433612} = {BD09E5F6-FE6C-4F3A-A388-E52359483AEE}
		{1C13E115-1352-467B-9E6F-6790B629E676} = {BD09E5F6-FE6C-4F3A-A388-E52359483AEE}
		{3F081B0A-589B-400D-BC9C-E40D7D9972D2} = {7ACF8AEB-7BE2-4E86-AFF8-AC41C5A8DE3C}
		{F5E1738F-8FFD-453C-8AB9-22A861136409} = {7ACF8AEB-7BE2-4E86-AFF8-AC41C5A8DE3C}
		{32CC9943-05E9-4F65-9290-7E49A035D0F2} = {2D995E7D-654E-458F-AFDA-FDC0C584C053}
		{5C67462A-075D-43CF-A9FD-8D21A0E58D75} = {2D995E7D-654E-458F-AFDA-FDC0C584C053}
		{E35B3213-A6F4-4DD0-AB77-379240D6E6C1} = {906C9968-4AB7-4BC7-AE56-B78C6997F264}
		{48957C0F-6C79-4F49-92C7-B7D6E701CB8B} = {C6F55941-4BC3-4A84-9E84-7B22C809DDC4}
		{00018274-87AE-4A78-B452-E4FEDFDAAA10} = {906C9968-4AB7-4BC7-AE56-B78C6997F264}
		{2D995E7D-654E-458F-AFDA-FDC0C584C053} = {94703115-9176-44DC-B9A2-FC2B40CB152F}
		{B2E37309-D3AB-4EED-849B-6133235924B7} = {94703115-9176-44DC-B9A2-FC2B40CB152F}
		{5AF6441A-7ABF-4491-815B-51D111A2AECE} = {7ACF8AEB-7BE2-4E86-AFF8-AC41C5A8DE3C}
		{43F122DB-B919-4D3D-80BD-B272968A0CE0} = {7ACF8AEB-7BE2-4E86-AFF8-AC41C5A8DE3C}
		{C0EF0208-F63C-412E-AE35-9DEFC9DEF884} = {C6F55941-4BC3-4A84-9E84-7B22C809DDC4}
		{EBBA034A-6F5D-4EF6-AEED-C94DEFC8E2AD} = {BD09E5F6-FE6C-4F3A-A388-E52359483AEE}
		{716FE2A4-662D-4656-85DC-7B641293ED8A} = {BD09E5F6-FE6C-4F3A-A388-E52359483AEE}
		{8E005B84-0DF4-46E8-917B-31AC6947ED53} = {BD09E5F6-FE6C-4F3A-A388-E52359483AEE}
		{EF8CAFAA-4E15-4D5D-9A08-B5FF53431402} = {2D995E7D-654E-458F-AFDA-FDC0C584C053}
		{50A28717-2566-4F20-92F4-EDA55466E0B1} = {2D995E7D-654E-458F-AFDA-FDC0C584C053}
		{358D21C1-A060-46D6-874D-1FBBE3E90924} = {2D995E7D-654E-458F-AFDA-FDC0C584C053}
	EndGlobalSection
	GlobalSection(ExtensibilityGlobals) = postSolution
		SolutionGuid = {DF1C7CE4-B62E-481C-BACC-354F61E48614}
	EndGlobalSection
EndGlobal
